// !$*UTF8*$!
{
	archiveVersion = 1;
	classes = {
	};
	objectVersion = 46;
	objects = {

/* Begin PBXBuildFile section */
		75924A201C99CCC000B165AD /* main.m in Sources */ = {isa = PBXBuildFile; fileRef = 75924A1F1C99CCC000B165AD /* main.m */; };
		75924A231C99CCC000B165AD /* AppDelegate.m in Sources */ = {isa = PBXBuildFile; fileRef = 75924A221C99CCC000B165AD /* AppDelegate.m */; };
		75924A261C99CCC000B165AD /* FirstViewController.m in Sources */ = {isa = PBXBuildFile; fileRef = 75924A251C99CCC000B165AD /* FirstViewController.m */; };
		75924A291C99CCC000B165AD /* SecondViewController.m in Sources */ = {isa = PBXBuildFile; fileRef = 75924A281C99CCC000B165AD /* SecondViewController.m */; };
		75924A2C1C99CCC000B165AD /* Main.storyboard in Resources */ = {isa = PBXBuildFile; fileRef = 75924A2A1C99CCC000B165AD /* Main.storyboard */; };
		75924A2E1C99CCC000B165AD /* Assets.xcassets in Resources */ = {isa = PBXBuildFile; fileRef = 75924A2D1C99CCC000B165AD /* Assets.xcassets */; };
		75924A311C99CCC000B165AD /* LaunchScreen.storyboard in Resources */ = {isa = PBXBuildFile; fileRef = 75924A2F1C99CCC000B165AD /* LaunchScreen.storyboard */; };
/* End PBXBuildFile section */

/* Begin PBXFileReference section */
		75924A1B1C99CCC000B165AD /* harbaughsim16.app */ = {isa = PBXFileReference; explicitFileType = wrapper.application; includeInIndex = 0; path = harbaughsim16.app; sourceTree = BUILT_PRODUCTS_DIR; };
		75924A1F1C99CCC000B165AD /* main.m */ = {isa = PBXFileReference; lastKnownFileType = sourcecode.c.objc; path = main.m; sourceTree = "<group>"; };
		75924A211C99CCC000B165AD /* AppDelegate.h */ = {isa = PBXFileReference; lastKnownFileType = sourcecode.c.h; path = AppDelegate.h; sourceTree = "<group>"; };
		75924A221C99CCC000B165AD /* AppDelegate.m */ = {isa = PBXFileReference; lastKnownFileType = sourcecode.c.objc; path = AppDelegate.m; sourceTree = "<group>"; };
		75924A241C99CCC000B165AD /* FirstViewController.h */ = {isa = PBXFileReference; lastKnownFileType = sourcecode.c.h; path = FirstViewController.h; sourceTree = "<group>"; };
		75924A251C99CCC000B165AD /* FirstViewController.m */ = {isa = PBXFileReference; lastKnownFileType = sourcecode.c.objc; path = FirstViewController.m; sourceTree = "<group>"; };
		75924A271C99CCC000B165AD /* SecondViewController.h */ = {isa = PBXFileReference; lastKnownFileType = sourcecode.c.h; path = SecondViewController.h; sourceTree = "<group>"; };
		75924A281C99CCC000B165AD /* SecondViewController.m */ = {isa = PBXFileReference; lastKnownFileType = sourcecode.c.objc; path = SecondViewController.m; sourceTree = "<group>"; };
		75924A2B1C99CCC000B165AD /* Base */ = {isa = PBXFileReference; lastKnownFileType = file.storyboard; name = Base; path = Base.lproj/Main.storyboard; sourceTree = "<group>"; };
		75924A2D1C99CCC000B165AD /* Assets.xcassets */ = {isa = PBXFileReference; lastKnownFileType = folder.assetcatalog; path = Assets.xcassets; sourceTree = "<group>"; };
		75924A301C99CCC000B165AD /* Base */ = {isa = PBXFileReference; lastKnownFileType = file.storyboard; name = Base; path = Base.lproj/LaunchScreen.storyboard; sourceTree = "<group>"; };
		75924A321C99CCC000B165AD /* Info.plist */ = {isa = PBXFileReference; lastKnownFileType = text.plist.xml; path = Info.plist; sourceTree = "<group>"; };
/* End PBXFileReference section */

/* Begin PBXFrameworksBuildPhase section */
		75924A181C99CCC000B165AD /* Frameworks */ = {
			isa = PBXFrameworksBuildPhase;
			buildActionMask = 2147483647;
			files = (
			);
			runOnlyForDeploymentPostprocessing = 0;
		};
/* End PBXFrameworksBuildPhase section */

/* Begin PBXGroup section */
		75924A121C99CCC000B165AD = {
			isa = PBXGroup;
			children = (
				75924A1D1C99CCC000B165AD /* harbaughsim16 */,
				75924A1C1C99CCC000B165AD /* Products */,
			);
			sourceTree = "<group>";
		};
		75924A1C1C99CCC000B165AD /* Products */ = {
			isa = PBXGroup;
			children = (
				75924A1B1C99CCC000B165AD /* harbaughsim16.app */,
			);
			name = Products;
			sourceTree = "<group>";
		};
		75924A1D1C99CCC000B165AD /* harbaughsim16 */ = {
			isa = PBXGroup;
			children = (
				75924A211C99CCC000B165AD /* AppDelegate.h */,
				75924A221C99CCC000B165AD /* AppDelegate.m */,
				75924A241C99CCC000B165AD /* FirstViewController.h */,
				75924A251C99CCC000B165AD /* FirstViewController.m */,
				75924A271C99CCC000B165AD /* SecondViewController.h */,
				75924A281C99CCC000B165AD /* SecondViewController.m */,
				75924A2A1C99CCC000B165AD /* Main.storyboard */,
				75924A2D1C99CCC000B165AD /* Assets.xcassets */,
				75924A2F1C99CCC000B165AD /* LaunchScreen.storyboard */,
				75924A321C99CCC000B165AD /* Info.plist */,
				75924A1E1C99CCC000B165AD /* Supporting Files */,
			);
			path = harbaughsim16;
			sourceTree = "<group>";
		};
		75924A1E1C99CCC000B165AD /* Supporting Files */ = {
			isa = PBXGroup;
			children = (
				75924A1F1C99CCC000B165AD /* main.m */,
			);
			name = "Supporting Files";
			sourceTree = "<group>";
		};
/* End PBXGroup section */

/* Begin PBXNativeTarget section */
		75924A1A1C99CCC000B165AD /* harbaughsim16 */ = {
			isa = PBXNativeTarget;
			buildConfigurationList = 75924A351C99CCC000B165AD /* Build configuration list for PBXNativeTarget "harbaughsim16" */;
			buildPhases = (
				75924A171C99CCC000B165AD /* Sources */,
				75924A181C99CCC000B165AD /* Frameworks */,
				75924A191C99CCC000B165AD /* Resources */,
			);
			buildRules = (
			);
			dependencies = (
			);
			name = harbaughsim16;
			productName = harbaughsim16;
			productReference = 75924A1B1C99CCC000B165AD /* harbaughsim16.app */;
			productType = "com.apple.product-type.application";
		};
/* End PBXNativeTarget section */

/* Begin PBXProject section */
		75924A131C99CCC000B165AD /* Project object */ = {
			isa = PBXProject;
			attributes = {
				LastUpgradeCheck = 0720;
				ORGANIZATIONNAME = "Akshay Easwaran";
				TargetAttributes = {
					75924A1A1C99CCC000B165AD = {
						CreatedOnToolsVersion = 7.2.1;
					};
				};
			};
			buildConfigurationList = 75924A161C99CCC000B165AD /* Build configuration list for PBXProject "harbaughsim16" */;
			compatibilityVersion = "Xcode 3.2";
			developmentRegion = English;
			hasScannedForEncodings = 0;
			knownRegions = (
				en,
				Base,
			);
			mainGroup = 75924A121C99CCC000B165AD;
			productRefGroup = 75924A1C1C99CCC000B165AD /* Products */;
			projectDirPath = "";
			projectRoot = "";
			targets = (
				75924A1A1C99CCC000B165AD /* harbaughsim16 */,
			);
		};
/* End PBXProject section */

/* Begin PBXResourcesBuildPhase section */
		75924A191C99CCC000B165AD /* Resources */ = {
			isa = PBXResourcesBuildPhase;
			buildActionMask = 2147483647;
			files = (
				75924A311C99CCC000B165AD /* LaunchScreen.storyboard in Resources */,
				75924A2E1C99CCC000B165AD /* Assets.xcassets in Resources */,
				75924A2C1C99CCC000B165AD /* Main.storyboard in Resources */,
			);
			runOnlyForDeploymentPostprocessing = 0;
		};
/* End PBXResourcesBuildPhase section */

/* Begin PBXSourcesBuildPhase section */
		75924A171C99CCC000B165AD /* Sources */ = {
			isa = PBXSourcesBuildPhase;
			buildActionMask = 2147483647;
			files = (
				75924A291C99CCC000B165AD /* SecondViewController.m in Sources */,
				75924A231C99CCC000B165AD /* AppDelegate.m in Sources */,
				75924A261C99CCC000B165AD /* FirstViewController.m in Sources */,
				75924A201C99CCC000B165AD /* main.m in Sources */,
			);
			runOnlyForDeploymentPostprocessing = 0;
		};
/* End PBXSourcesBuildPhase section */

/* Begin PBXVariantGroup section */
		75924A2A1C99CCC000B165AD /* Main.storyboard */ = {
			isa = PBXVariantGroup;
			children = (
				75924A2B1C99CCC000B165AD /* Base */,
			);
			name = Main.storyboard;
			sourceTree = "<group>";
		};
		75924A2F1C99CCC000B165AD /* LaunchScreen.storyboard */ = {
			isa = PBXVariantGroup;
			children = (
				75924A301C99CCC000B165AD /* Base */,
			);
			name = LaunchScreen.storyboard;
			sourceTree = "<group>";
		};
/* End PBXVariantGroup section */

/* Begin XCBuildConfiguration section */
		75924A331C99CCC000B165AD /* Debug */ = {
			isa = XCBuildConfiguration;
			buildSettings = {
				ALWAYS_SEARCH_USER_PATHS = NO;
				CLANG_CXX_LANGUAGE_STANDARD = "gnu++0x";
				CLANG_CXX_LIBRARY = "libc++";
				CLANG_ENABLE_MODULES = YES;
				CLANG_ENABLE_OBJC_ARC = YES;
				CLANG_WARN_BOOL_CONVERSION = YES;
				CLANG_WARN_CONSTANT_CONVERSION = YES;
				CLANG_WARN_DIRECT_OBJC_ISA_USAGE = YES_ERROR;
				CLANG_WARN_EMPTY_BODY = YES;
				CLANG_WARN_ENUM_CONVERSION = YES;
				CLANG_WARN_INT_CONVERSION = YES;
				CLANG_WARN_OBJC_ROOT_CLASS = YES_ERROR;
				CLANG_WARN_UNREACHABLE_CODE = YES;
				CLANG_WARN__DUPLICATE_METHOD_MATCH = YES;
				"CODE_SIGN_IDENTITY[sdk=iphoneos*]" = "iPhone Developer";
				COPY_PHASE_STRIP = NO;
				DEBUG_INFORMATION_FORMAT = dwarf;
				ENABLE_STRICT_OBJC_MSGSEND = YES;
				ENABLE_TESTABILITY = YES;
				GCC_C_LANGUAGE_STANDARD = gnu99;
				GCC_DYNAMIC_NO_PIC = NO;
				GCC_NO_COMMON_BLOCKS = YES;
				GCC_OPTIMIZATION_LEVEL = 0;
				GCC_PREPROCESSOR_DEFINITIONS = (
					"DEBUG=1",
					"$(inherited)",
				);
				GCC_WARN_64_TO_32_BIT_CONVERSION = YES;
				GCC_WARN_ABOUT_RETURN_TYPE = YES_ERROR;
				GCC_WARN_UNDECLARED_SELECTOR = YES;
				GCC_WARN_UNINITIALIZED_AUTOS = YES_AGGRESSIVE;
				GCC_WARN_UNUSED_FUNCTION = YES;
				GCC_WARN_UNUSED_VARIABLE = YES;
				IPHONEOS_DEPLOYMENT_TARGET = 9.2;
				MTL_ENABLE_DEBUG_INFO = YES;
				ONLY_ACTIVE_ARCH = YES;
				SDKROOT = iphoneos;
			};
			name = Debug;
		};
		75924A341C99CCC000B165AD /* Release */ = {
			isa = XCBuildConfiguration;
			buildSettings = {
				ALWAYS_SEARCH_USER_PATHS = NO;
				CLANG_CXX_LANGUAGE_STANDARD = "gnu++0x";
				CLANG_CXX_LIBRARY = "libc++";
				CLANG_ENABLE_MODULES = YES;
				CLANG_ENABLE_OBJC_ARC = YES;
				CLANG_WARN_BOOL_CONVERSION = YES;
				CLANG_WARN_CONSTANT_CONVERSION = YES;
				CLANG_WARN_DIRECT_OBJC_ISA_USAGE = YES_ERROR;
				CLANG_WARN_EMPTY_BODY = YES;
				CLANG_WARN_ENUM_CONVERSION = YES;
				CLANG_WARN_INT_CONVERSION = YES;
				CLANG_WARN_OBJC_ROOT_CLASS = YES_ERROR;
				CLANG_WARN_UNREACHABLE_CODE = YES;
				CLANG_WARN__DUPLICATE_METHOD_MATCH = YES;
				"CODE_SIGN_IDENTITY[sdk=iphoneos*]" = "iPhone Developer";
				COPY_PHASE_STRIP = NO;
				DEBUG_INFORMATION_FORMAT = "dwarf-with-dsym";
				ENABLE_NS_ASSERTIONS = NO;
				ENABLE_STRICT_OBJC_MSGSEND = YES;
				GCC_C_LANGUAGE_STANDARD = gnu99;
				GCC_NO_COMMON_BLOCKS = YES;
				GCC_WARN_64_TO_32_BIT_CONVERSION = YES;
				GCC_WARN_ABOUT_RETURN_TYPE = YES_ERROR;
				GCC_WARN_UNDECLARED_SELECTOR = YES;
				GCC_WARN_UNINITIALIZED_AUTOS = YES_AGGRESSIVE;
				GCC_WARN_UNUSED_FUNCTION = YES;
				GCC_WARN_UNUSED_VARIABLE = YES;
				IPHONEOS_DEPLOYMENT_TARGET = 9.2;
				MTL_ENABLE_DEBUG_INFO = NO;
				SDKROOT = iphoneos;
				VALIDATE_PRODUCT = YES;
			};
			name = Release;
		};
		75924A361C99CCC000B165AD /* Debug */ = {
			isa = XCBuildConfiguration;
			buildSettings = {
				ASSETCATALOG_COMPILER_APPICON_NAME = AppIcon;
				INFOPLIST_FILE = harbaughsim16/Info.plist;
				LD_RUNPATH_SEARCH_PATHS = "$(inherited) @executable_path/Frameworks";
				PRODUCT_BUNDLE_IDENTIFIER = me.akeaswaran.harbaughsim16;
				PRODUCT_NAME = "$(TARGET_NAME)";
			};
			name = Debug;
		};
		75924A371C99CCC000B165AD /* Release */ = {
			isa = XCBuildConfiguration;
			buildSettings = {
				ASSETCATALOG_COMPILER_APPICON_NAME = AppIcon;
				INFOPLIST_FILE = harbaughsim16/Info.plist;
				LD_RUNPATH_SEARCH_PATHS = "$(inherited) @executable_path/Frameworks";
				PRODUCT_BUNDLE_IDENTIFIER = me.akeaswaran.harbaughsim16;
				PRODUCT_NAME = "$(TARGET_NAME)";
			};
			name = Release;
		};
/* End XCBuildConfiguration section */

/* Begin XCConfigurationList section */
		75924A161C99CCC000B165AD /* Build configuration list for PBXProject "harbaughsim16" */ = {
			isa = XCConfigurationList;
			buildConfigurations = (
				75924A331C99CCC000B165AD /* Debug */,
				75924A341C99CCC000B165AD /* Release */,
			);
			defaultConfigurationIsVisible = 0;
			defaultConfigurationName = Release;
		};
		75924A351C99CCC000B165AD /* Build configuration list for PBXNativeTarget "harbaughsim16" */ = {
			isa = XCConfigurationList;
			buildConfigurations = (
				75924A361C99CCC000B165AD /* Debug */,
				75924A371C99CCC000B165AD /* Release */,
			);
			defaultConfigurationIsVisible = 0;
		};
/* End XCConfigurationList section */
	};
	rootObject = 75924A131C99CCC000B165AD /* Project object */;
}
