// !$*UTF8*$!
{
	archiveVersion = 1;
	classes = {
	};
	objectVersion = 46;
	objects = {

/* Begin PBXBuildFile section */
		3B126401C40074476E0CBD5E /* Pods_harbaughsim16.framework in Frameworks */ = {isa = PBXBuildFile; fileRef = 816834A7F9C15B63FF8EA2BB /* Pods_harbaughsim16.framework */; };
		7510B8471C9C76BE00BE9CD6 /* TeamSelectionViewController.m in Sources */ = {isa = PBXBuildFile; fileRef = 7510B8461C9C76BE00BE9CD6 /* TeamSelectionViewController.m */; };
		7510B84A1C9C76C900BE9CD6 /* GameDetailViewController.m in Sources */ = {isa = PBXBuildFile; fileRef = 7510B8491C9C76C900BE9CD6 /* GameDetailViewController.m */; };
		7510B8501C9C76E600BE9CD6 /* SettingsViewController.m in Sources */ = {isa = PBXBuildFile; fileRef = 7510B84F1C9C76E600BE9CD6 /* SettingsViewController.m */; };
		751DF8201CA17F81003C62F2 /* HBSettingsCell.m in Sources */ = {isa = PBXBuildFile; fileRef = 751DF81E1CA17F81003C62F2 /* HBSettingsCell.m */; };
		751DF8211CA17F81003C62F2 /* HBSettingsCell.xib in Resources */ = {isa = PBXBuildFile; fileRef = 751DF81F1CA17F81003C62F2 /* HBSettingsCell.xib */; };
		751DF8241CA1D66D003C62F2 /* TeamStrategyViewController.m in Sources */ = {isa = PBXBuildFile; fileRef = 751DF8231CA1D66D003C62F2 /* TeamStrategyViewController.m */; };
		751DF8271CA1F273003C62F2 /* TeamRosterViewController.m in Sources */ = {isa = PBXBuildFile; fileRef = 751DF8261CA1F273003C62F2 /* TeamRosterViewController.m */; };
		754E90781CA58BF800C450CF /* BowlProjectionViewController.m in Sources */ = {isa = PBXBuildFile; fileRef = 754E90771CA58BF800C450CF /* BowlProjectionViewController.m */; };
		754E907B1CA58C0F00C450CF /* HeismanLeadersViewController.m in Sources */ = {isa = PBXBuildFile; fileRef = 754E907A1CA58C0F00C450CF /* HeismanLeadersViewController.m */; };
		754E907E1CA59A0900C450CF /* RankingsViewController.m in Sources */ = {isa = PBXBuildFile; fileRef = 754E907D1CA59A0900C450CF /* RankingsViewController.m */; };
		754E90821CA5A59D00C450CF /* TeamScheduleViewController.m in Sources */ = {isa = PBXBuildFile; fileRef = 754E90801CA5A59D00C450CF /* TeamScheduleViewController.m */; };
		754E90831CA5A59D00C450CF /* TeamScheduleViewController.xib in Resources */ = {isa = PBXBuildFile; fileRef = 754E90811CA5A59D00C450CF /* TeamScheduleViewController.xib */; };
		755BBC481C9DD0DF001A8314 /* HBStatsCell.m in Sources */ = {isa = PBXBuildFile; fileRef = 755BBC461C9DD0DF001A8314 /* HBStatsCell.m */; };
		755BBC491C9DD0DF001A8314 /* HBStatsCell.xib in Resources */ = {isa = PBXBuildFile; fileRef = 755BBC471C9DD0DF001A8314 /* HBStatsCell.xib */; };
		755BBC4D1C9DEDF0001A8314 /* HBPlayerCell.m in Sources */ = {isa = PBXBuildFile; fileRef = 755BBC4B1C9DEDF0001A8314 /* HBPlayerCell.m */; };
		755BBC4E1C9DEDF0001A8314 /* HBPlayerCell.xib in Resources */ = {isa = PBXBuildFile; fileRef = 755BBC4C1C9DEDF0001A8314 /* HBPlayerCell.xib */; };
		755BBC591C9E0A1B001A8314 /* FCIcon1024.png in Resources */ = {isa = PBXBuildFile; fileRef = 755BBC4F1C9E0A1B001A8314 /* FCIcon1024.png */; };
		755BBC5B1C9E0A1B001A8314 /* Icon-60@2x.png in Resources */ = {isa = PBXBuildFile; fileRef = 755BBC511C9E0A1B001A8314 /* Icon-60@2x.png */; };
		755BBC5C1C9E0A1B001A8314 /* Icon-60@3x.png in Resources */ = {isa = PBXBuildFile; fileRef = 755BBC521C9E0A1B001A8314 /* Icon-60@3x.png */; };
		755BBC5E1C9E0A1B001A8314 /* Icon-Small@2x.png in Resources */ = {isa = PBXBuildFile; fileRef = 755BBC541C9E0A1B001A8314 /* Icon-Small@2x.png */; };
		755BBC5F1C9E0A1B001A8314 /* Icon-Small@3x.png in Resources */ = {isa = PBXBuildFile; fileRef = 755BBC551C9E0A1B001A8314 /* Icon-Small@3x.png */; };
		755BBC611C9E0A1B001A8314 /* Icon-Spotlight-40@2x.png in Resources */ = {isa = PBXBuildFile; fileRef = 755BBC571C9E0A1B001A8314 /* Icon-Spotlight-40@2x.png */; };
		755BBC621C9E0A1B001A8314 /* Icon-Spotlight-40@3x.png in Resources */ = {isa = PBXBuildFile; fileRef = 755BBC581C9E0A1B001A8314 /* Icon-Spotlight-40@3x.png */; };
		755BBC641C9E0A85001A8314 /* FCFootball.png in Resources */ = {isa = PBXBuildFile; fileRef = 755BBC631C9E0A85001A8314 /* FCFootball.png */; };
		755BBC6D1C9E423B001A8314 /* NewsViewController.xib in Resources */ = {isa = PBXBuildFile; fileRef = 755BBC6C1C9E423B001A8314 /* NewsViewController.xib */; };
		755BBC781C9E5930001A8314 /* RecruitingViewController.m in Sources */ = {isa = PBXBuildFile; fileRef = 755BBC771C9E5930001A8314 /* RecruitingViewController.m */; };
		755BBC7B1C9F5F1A001A8314 /* TeamSearchViewController.m in Sources */ = {isa = PBXBuildFile; fileRef = 755BBC7A1C9F5F1A001A8314 /* TeamSearchViewController.m */; };
		755BBC7D1C9F6964001A8314 /* TeamSearchViewController.xib in Resources */ = {isa = PBXBuildFile; fileRef = 755BBC7C1C9F6964001A8314 /* TeamSearchViewController.xib */; };
		755BBC811C9F734E001A8314 /* TeamViewController.m in Sources */ = {isa = PBXBuildFile; fileRef = 755BBC7F1C9F734E001A8314 /* TeamViewController.m */; };
		755BBC821C9F734E001A8314 /* TeamViewController.xib in Resources */ = {isa = PBXBuildFile; fileRef = 755BBC801C9F734E001A8314 /* TeamViewController.xib */; };
		755BBC861C9F7DA4001A8314 /* HBScoreCell.m in Sources */ = {isa = PBXBuildFile; fileRef = 755BBC841C9F7DA4001A8314 /* HBScoreCell.m */; };
		755BBC871C9F7DA4001A8314 /* HBScoreCell.xib in Resources */ = {isa = PBXBuildFile; fileRef = 755BBC851C9F7DA4001A8314 /* HBScoreCell.xib */; };
		755BBC8B1CA03252001A8314 /* HBRecruitCell.m in Sources */ = {isa = PBXBuildFile; fileRef = 755BBC891CA03252001A8314 /* HBRecruitCell.m */; };
		755BBC8C1CA03252001A8314 /* HBRecruitCell.xib in Resources */ = {isa = PBXBuildFile; fileRef = 755BBC8A1CA03252001A8314 /* HBRecruitCell.xib */; };
		7571DD1B1C9CB1DC00E67080 /* IntroViewController.m in Sources */ = {isa = PBXBuildFile; fileRef = 7571DD1A1C9CB1DC00E67080 /* IntroViewController.m */; };
		7571DD1D1C9CB1E500E67080 /* IntroViewController.xib in Resources */ = {isa = PBXBuildFile; fileRef = 7571DD1C1C9CB1E500E67080 /* IntroViewController.xib */; };
		7571DD201C9CBDA900E67080 /* HBSharedUtils.m in Sources */ = {isa = PBXBuildFile; fileRef = 7571DD1F1C9CBDA900E67080 /* HBSharedUtils.m */; };
		7571DD221C9CC62400E67080 /* news-sort@3x.png in Resources */ = {isa = PBXBuildFile; fileRef = 7571DD211C9CC62400E67080 /* news-sort@3x.png */; };
		7571DD241C9CC62E00E67080 /* stats@3x.png in Resources */ = {isa = PBXBuildFile; fileRef = 7571DD231C9CC62E00E67080 /* stats@3x.png */; };
		7571DD261C9CC64200E67080 /* settings@3x.png in Resources */ = {isa = PBXBuildFile; fileRef = 7571DD251C9CC64200E67080 /* settings@3x.png */; };
		7571DD281C9CC9A000E67080 /* ScheduleViewController.xib in Resources */ = {isa = PBXBuildFile; fileRef = 7571DD271C9CC9A000E67080 /* ScheduleViewController.xib */; };
		7571DD2C1C9CCD8100E67080 /* HBScheduleCell.m in Sources */ = {isa = PBXBuildFile; fileRef = 7571DD2A1C9CCD8100E67080 /* HBScheduleCell.m */; };
		7571DD2D1C9CCD8100E67080 /* HBScheduleCell.xib in Resources */ = {isa = PBXBuildFile; fileRef = 7571DD2B1C9CCD8100E67080 /* HBScheduleCell.xib */; };
		7571DD331C9CD3A200E67080 /* play-week@3x.png in Resources */ = {isa = PBXBuildFile; fileRef = 7571DD321C9CD3A200E67080 /* play-week@3x.png */; };
		7571DD351C9CF8E300E67080 /* MyTeamViewController.xib in Resources */ = {isa = PBXBuildFile; fileRef = 7571DD341C9CF8E300E67080 /* MyTeamViewController.xib */; };
		7571DD381C9CFD4000E67080 /* RosterViewController.m in Sources */ = {isa = PBXBuildFile; fileRef = 7571DD371C9CFD4000E67080 /* RosterViewController.m */; };
		7571DD3C1C9CFF6500E67080 /* HBRosterCell.m in Sources */ = {isa = PBXBuildFile; fileRef = 7571DD3A1C9CFF6500E67080 /* HBRosterCell.m */; };
		7571DD3D1C9CFF6500E67080 /* HBRosterCell.xib in Resources */ = {isa = PBXBuildFile; fileRef = 7571DD3B1C9CFF6500E67080 /* HBRosterCell.xib */; };
		7571DD411C9D032F00E67080 /* PlayerDetailViewController.m in Sources */ = {isa = PBXBuildFile; fileRef = 7571DD3F1C9D032F00E67080 /* PlayerDetailViewController.m */; };
		7571DD421C9D032F00E67080 /* PlayerDetailViewController.xib in Resources */ = {isa = PBXBuildFile; fileRef = 7571DD401C9D032F00E67080 /* PlayerDetailViewController.xib */; };
		7571DD441C9D0C7000E67080 /* GameDetailViewController.xib in Resources */ = {isa = PBXBuildFile; fileRef = 7571DD431C9D0C7000E67080 /* GameDetailViewController.xib */; };
		7571DD461C9D34B300E67080 /* RosterViewController.xib in Resources */ = {isa = PBXBuildFile; fileRef = 7571DD451C9D34B300E67080 /* RosterViewController.xib */; };
		75880F8C1CAC949300AF2C1C /* LeagueRecordsViewController.m in Sources */ = {isa = PBXBuildFile; fileRef = 75880F8B1CAC949300AF2C1C /* LeagueRecordsViewController.m */; };
		75880F8F1CAC949F00AF2C1C /* TeamRecordsViewController.m in Sources */ = {isa = PBXBuildFile; fileRef = 75880F8E1CAC949F00AF2C1C /* TeamRecordsViewController.m */; };
		75924A201C99CCC000B165AD /* main.m in Sources */ = {isa = PBXBuildFile; fileRef = 75924A1F1C99CCC000B165AD /* main.m */; };
		75924A231C99CCC000B165AD /* AppDelegate.m in Sources */ = {isa = PBXBuildFile; fileRef = 75924A221C99CCC000B165AD /* AppDelegate.m */; };
		75924A261C99CCC000B165AD /* NewsViewController.m in Sources */ = {isa = PBXBuildFile; fileRef = 75924A251C99CCC000B165AD /* NewsViewController.m */; };
		75924A2E1C99CCC000B165AD /* Assets.xcassets in Resources */ = {isa = PBXBuildFile; fileRef = 75924A2D1C99CCC000B165AD /* Assets.xcassets */; };
		75924A311C99CCC000B165AD /* LaunchScreen.storyboard in Resources */ = {isa = PBXBuildFile; fileRef = 75924A2F1C99CCC000B165AD /* LaunchScreen.storyboard */; };
		75924A3D1C99CD8D00B165AD /* Team.m in Sources */ = {isa = PBXBuildFile; fileRef = 75924A3C1C99CD8D00B165AD /* Team.m */; };
		75924A491C99CF7C00B165AD /* Game.m in Sources */ = {isa = PBXBuildFile; fileRef = 75924A481C99CF7C00B165AD /* Game.m */; };
		75924A4C1C99D03300B165AD /* Player.m in Sources */ = {isa = PBXBuildFile; fileRef = 75924A4B1C99D03300B165AD /* Player.m */; };
		75924A4F1C99D05E00B165AD /* Conference.m in Sources */ = {isa = PBXBuildFile; fileRef = 75924A4E1C99D05E00B165AD /* Conference.m */; };
		75924A521C99D1C600B165AD /* TeamStrategy.m in Sources */ = {isa = PBXBuildFile; fileRef = 75924A511C99D1C600B165AD /* TeamStrategy.m */; };
		75924A551C99D24500B165AD /* League.m in Sources */ = {isa = PBXBuildFile; fileRef = 75924A541C99D24500B165AD /* League.m */; };
		75924A581C99E62F00B165AD /* PlayerQB.m in Sources */ = {isa = PBXBuildFile; fileRef = 75924A571C99E62F00B165AD /* PlayerQB.m */; };
		75924A5B1C99E63800B165AD /* PlayerRB.m in Sources */ = {isa = PBXBuildFile; fileRef = 75924A5A1C99E63800B165AD /* PlayerRB.m */; };
		75924A5E1C99E64400B165AD /* PlayerWR.m in Sources */ = {isa = PBXBuildFile; fileRef = 75924A5D1C99E64400B165AD /* PlayerWR.m */; };
		75924A611C99E64D00B165AD /* PlayerK.m in Sources */ = {isa = PBXBuildFile; fileRef = 75924A601C99E64D00B165AD /* PlayerK.m */; };
		75924A641C99E65600B165AD /* PlayerOL.m in Sources */ = {isa = PBXBuildFile; fileRef = 75924A631C99E65600B165AD /* PlayerOL.m */; };
		75924A671C99E65E00B165AD /* PlayerS.m in Sources */ = {isa = PBXBuildFile; fileRef = 75924A661C99E65E00B165AD /* PlayerS.m */; };
		75924A6A1C99E66700B165AD /* PlayerCB.m in Sources */ = {isa = PBXBuildFile; fileRef = 75924A691C99E66700B165AD /* PlayerCB.m */; };
		75924A6D1C99E66E00B165AD /* PlayerF7.m in Sources */ = {isa = PBXBuildFile; fileRef = 75924A6C1C99E66E00B165AD /* PlayerF7.m */; };
		75A41B4C1CA311CF00025E53 /* close@3x.png in Resources */ = {isa = PBXBuildFile; fileRef = 75A41B4B1CA311CF00025E53 /* close@3x.png */; };
		75A86C881C9C790D0034140C /* FCTableViewController.m in Sources */ = {isa = PBXBuildFile; fileRef = 75A86C871C9C790D0034140C /* FCTableViewController.m */; };
		75A86C8E1C9C7AA80034140C /* news@3x.png in Resources */ = {isa = PBXBuildFile; fileRef = 75A86C891C9C7AA80034140C /* news@3x.png */; };
		75A86C901C9C7AA80034140C /* roster@3x.png in Resources */ = {isa = PBXBuildFile; fileRef = 75A86C8B1C9C7AA80034140C /* roster@3x.png */; };
		75A86C911C9C7AA80034140C /* schedule@3x.png in Resources */ = {isa = PBXBuildFile; fileRef = 75A86C8C1C9C7AA80034140C /* schedule@3x.png */; };
		75A86C921C9C7AA80034140C /* team@3x.png in Resources */ = {isa = PBXBuildFile; fileRef = 75A86C8D1C9C7AA80034140C /* team@3x.png */; };
		75A86C981C9C7C0C0034140C /* news-selected@3x.png in Resources */ = {isa = PBXBuildFile; fileRef = 75A86C931C9C7C0C0034140C /* news-selected@3x.png */; };
		75A86C991C9C7C0C0034140C /* recruit-selected@3x.png in Resources */ = {isa = PBXBuildFile; fileRef = 75A86C941C9C7C0C0034140C /* recruit-selected@3x.png */; };
		75A86C9A1C9C7C0C0034140C /* recruit@3x.png in Resources */ = {isa = PBXBuildFile; fileRef = 75A86C951C9C7C0C0034140C /* recruit@3x.png */; };
		75A86C9B1C9C7C0C0034140C /* schedule-selected@3x.png in Resources */ = {isa = PBXBuildFile; fileRef = 75A86C961C9C7C0C0034140C /* schedule-selected@3x.png */; };
		75A86C9C1C9C7C0C0034140C /* team-selected@3x.png in Resources */ = {isa = PBXBuildFile; fileRef = 75A86C971C9C7C0C0034140C /* team-selected@3x.png */; };
		75A86C9E1C9C7C9E0034140C /* roster-selected@3x.png in Resources */ = {isa = PBXBuildFile; fileRef = 75A86C9D1C9C7C9E0034140C /* roster-selected@3x.png */; };
		75BABF3C1C9A5D1100A68CD6 /* ScheduleViewController.m in Sources */ = {isa = PBXBuildFile; fileRef = 75BABF3B1C9A5D1100A68CD6 /* ScheduleViewController.m */; };
		75BABF451C9A5D5300A68CD6 /* MyTeamViewController.m in Sources */ = {isa = PBXBuildFile; fileRef = 75BABF441C9A5D5300A68CD6 /* MyTeamViewController.m */; };
		75C321C11CAD748F00906A38 /* AllLeagueTeamViewController.m in Sources */ = {isa = PBXBuildFile; fileRef = 75C321C01CAD748F00906A38 /* AllLeagueTeamViewController.m */; };
		75C321C41CAD7BBB00906A38 /* AllConferenceTeamViewController.m in Sources */ = {isa = PBXBuildFile; fileRef = 75C321C31CAD7BBB00906A38 /* AllConferenceTeamViewController.m */; };
		75C321C71CAD7C5500906A38 /* AllConferenceTeamConferenceSelectorViewController.m in Sources */ = {isa = PBXBuildFile; fileRef = 75C321C61CAD7C5500906A38 /* AllConferenceTeamConferenceSelectorViewController.m */; };
		75E10F1D1CA0D9CA0000DA78 /* TeamHistoryViewController.m in Sources */ = {isa = PBXBuildFile; fileRef = 75E10F1B1CA0D9CA0000DA78 /* TeamHistoryViewController.m */; };
		75E10F1E1CA0D9CA0000DA78 /* TeamHistoryViewController.xib in Resources */ = {isa = PBXBuildFile; fileRef = 75E10F1C1CA0D9CA0000DA78 /* TeamHistoryViewController.xib */; };
		75E10F211CA0E0170000DA78 /* LeagueHistoryController.m in Sources */ = {isa = PBXBuildFile; fileRef = 75E10F201CA0E0170000DA78 /* LeagueHistoryController.m */; };
		75E10F251CA0E0270000DA78 /* HeismanHistoryViewController.m in Sources */ = {isa = PBXBuildFile; fileRef = 75E10F231CA0E0270000DA78 /* HeismanHistoryViewController.m */; };
		75E10F261CA0E0270000DA78 /* HeismanHistoryViewController.xib in Resources */ = {isa = PBXBuildFile; fileRef = 75E10F241CA0E0270000DA78 /* HeismanHistoryViewController.xib */; };
		75E10F2A1CA0E0330000DA78 /* LeagueYearViewController.m in Sources */ = {isa = PBXBuildFile; fileRef = 75E10F281CA0E0330000DA78 /* LeagueYearViewController.m */; };
		75E10F2B1CA0E0330000DA78 /* LeagueYearViewController.xib in Resources */ = {isa = PBXBuildFile; fileRef = 75E10F291CA0E0330000DA78 /* LeagueYearViewController.xib */; };
/* End PBXBuildFile section */

/* Begin PBXFileReference section */
		44F9430C6D467B894D8E6C88 /* Pods-harbaughsim16.release.xcconfig */ = {isa = PBXFileReference; includeInIndex = 1; lastKnownFileType = text.xcconfig; name = "Pods-harbaughsim16.release.xcconfig"; path = "Pods/Target Support Files/Pods-harbaughsim16/Pods-harbaughsim16.release.xcconfig"; sourceTree = "<group>"; };
		7510B8451C9C76BE00BE9CD6 /* TeamSelectionViewController.h */ = {isa = PBXFileReference; fileEncoding = 4; lastKnownFileType = sourcecode.c.h; path = TeamSelectionViewController.h; sourceTree = "<group>"; };
		7510B8461C9C76BE00BE9CD6 /* TeamSelectionViewController.m */ = {isa = PBXFileReference; fileEncoding = 4; lastKnownFileType = sourcecode.c.objc; path = TeamSelectionViewController.m; sourceTree = "<group>"; };
		7510B8481C9C76C900BE9CD6 /* GameDetailViewController.h */ = {isa = PBXFileReference; fileEncoding = 4; lastKnownFileType = sourcecode.c.h; path = GameDetailViewController.h; sourceTree = "<group>"; };
		7510B8491C9C76C900BE9CD6 /* GameDetailViewController.m */ = {isa = PBXFileReference; fileEncoding = 4; lastKnownFileType = sourcecode.c.objc; path = GameDetailViewController.m; sourceTree = "<group>"; };
		7510B84E1C9C76E600BE9CD6 /* SettingsViewController.h */ = {isa = PBXFileReference; fileEncoding = 4; lastKnownFileType = sourcecode.c.h; path = SettingsViewController.h; sourceTree = "<group>"; };
		7510B84F1C9C76E600BE9CD6 /* SettingsViewController.m */ = {isa = PBXFileReference; fileEncoding = 4; lastKnownFileType = sourcecode.c.objc; lineEnding = 0; path = SettingsViewController.m; sourceTree = "<group>"; xcLanguageSpecificationIdentifier = xcode.lang.objc; };
		751DF81D1CA17F81003C62F2 /* HBSettingsCell.h */ = {isa = PBXFileReference; fileEncoding = 4; lastKnownFileType = sourcecode.c.h; path = HBSettingsCell.h; sourceTree = "<group>"; };
		751DF81E1CA17F81003C62F2 /* HBSettingsCell.m */ = {isa = PBXFileReference; fileEncoding = 4; lastKnownFileType = sourcecode.c.objc; path = HBSettingsCell.m; sourceTree = "<group>"; };
		751DF81F1CA17F81003C62F2 /* HBSettingsCell.xib */ = {isa = PBXFileReference; fileEncoding = 4; lastKnownFileType = file.xib; path = HBSettingsCell.xib; sourceTree = "<group>"; };
		751DF8221CA1D66D003C62F2 /* TeamStrategyViewController.h */ = {isa = PBXFileReference; fileEncoding = 4; lastKnownFileType = sourcecode.c.h; path = TeamStrategyViewController.h; sourceTree = "<group>"; };
		751DF8231CA1D66D003C62F2 /* TeamStrategyViewController.m */ = {isa = PBXFileReference; fileEncoding = 4; lastKnownFileType = sourcecode.c.objc; path = TeamStrategyViewController.m; sourceTree = "<group>"; };
		751DF8251CA1F273003C62F2 /* TeamRosterViewController.h */ = {isa = PBXFileReference; fileEncoding = 4; lastKnownFileType = sourcecode.c.h; path = TeamRosterViewController.h; sourceTree = "<group>"; };
		751DF8261CA1F273003C62F2 /* TeamRosterViewController.m */ = {isa = PBXFileReference; fileEncoding = 4; lastKnownFileType = sourcecode.c.objc; path = TeamRosterViewController.m; sourceTree = "<group>"; };
		754E90761CA58BF800C450CF /* BowlProjectionViewController.h */ = {isa = PBXFileReference; fileEncoding = 4; lastKnownFileType = sourcecode.c.h; path = BowlProjectionViewController.h; sourceTree = "<group>"; };
		754E90771CA58BF800C450CF /* BowlProjectionViewController.m */ = {isa = PBXFileReference; fileEncoding = 4; lastKnownFileType = sourcecode.c.objc; path = BowlProjectionViewController.m; sourceTree = "<group>"; };
		754E90791CA58C0F00C450CF /* HeismanLeadersViewController.h */ = {isa = PBXFileReference; fileEncoding = 4; lastKnownFileType = sourcecode.c.h; path = HeismanLeadersViewController.h; sourceTree = "<group>"; };
		754E907A1CA58C0F00C450CF /* HeismanLeadersViewController.m */ = {isa = PBXFileReference; fileEncoding = 4; lastKnownFileType = sourcecode.c.objc; path = HeismanLeadersViewController.m; sourceTree = "<group>"; };
		754E907C1CA59A0900C450CF /* RankingsViewController.h */ = {isa = PBXFileReference; fileEncoding = 4; lastKnownFileType = sourcecode.c.h; path = RankingsViewController.h; sourceTree = "<group>"; };
		754E907D1CA59A0900C450CF /* RankingsViewController.m */ = {isa = PBXFileReference; fileEncoding = 4; lastKnownFileType = sourcecode.c.objc; path = RankingsViewController.m; sourceTree = "<group>"; };
		754E907F1CA5A59D00C450CF /* TeamScheduleViewController.h */ = {isa = PBXFileReference; fileEncoding = 4; lastKnownFileType = sourcecode.c.h; path = TeamScheduleViewController.h; sourceTree = "<group>"; };
		754E90801CA5A59D00C450CF /* TeamScheduleViewController.m */ = {isa = PBXFileReference; fileEncoding = 4; lastKnownFileType = sourcecode.c.objc; path = TeamScheduleViewController.m; sourceTree = "<group>"; };
		754E90811CA5A59D00C450CF /* TeamScheduleViewController.xib */ = {isa = PBXFileReference; fileEncoding = 4; lastKnownFileType = file.xib; path = TeamScheduleViewController.xib; sourceTree = "<group>"; };
		755BBC451C9DD0DF001A8314 /* HBStatsCell.h */ = {isa = PBXFileReference; fileEncoding = 4; lastKnownFileType = sourcecode.c.h; path = HBStatsCell.h; sourceTree = "<group>"; };
		755BBC461C9DD0DF001A8314 /* HBStatsCell.m */ = {isa = PBXFileReference; fileEncoding = 4; lastKnownFileType = sourcecode.c.objc; path = HBStatsCell.m; sourceTree = "<group>"; };
		755BBC471C9DD0DF001A8314 /* HBStatsCell.xib */ = {isa = PBXFileReference; fileEncoding = 4; lastKnownFileType = file.xib; path = HBStatsCell.xib; sourceTree = "<group>"; };
		755BBC4A1C9DEDF0001A8314 /* HBPlayerCell.h */ = {isa = PBXFileReference; fileEncoding = 4; lastKnownFileType = sourcecode.c.h; path = HBPlayerCell.h; sourceTree = "<group>"; };
		755BBC4B1C9DEDF0001A8314 /* HBPlayerCell.m */ = {isa = PBXFileReference; fileEncoding = 4; lastKnownFileType = sourcecode.c.objc; path = HBPlayerCell.m; sourceTree = "<group>"; };
		755BBC4C1C9DEDF0001A8314 /* HBPlayerCell.xib */ = {isa = PBXFileReference; fileEncoding = 4; lastKnownFileType = file.xib; path = HBPlayerCell.xib; sourceTree = "<group>"; };
		755BBC4F1C9E0A1B001A8314 /* FCIcon1024.png */ = {isa = PBXFileReference; lastKnownFileType = image.png; path = FCIcon1024.png; sourceTree = "<group>"; };
		755BBC511C9E0A1B001A8314 /* Icon-60@2x.png */ = {isa = PBXFileReference; lastKnownFileType = image.png; path = "Icon-60@2x.png"; sourceTree = "<group>"; };
		755BBC521C9E0A1B001A8314 /* Icon-60@3x.png */ = {isa = PBXFileReference; lastKnownFileType = image.png; path = "Icon-60@3x.png"; sourceTree = "<group>"; };
		755BBC541C9E0A1B001A8314 /* Icon-Small@2x.png */ = {isa = PBXFileReference; lastKnownFileType = image.png; path = "Icon-Small@2x.png"; sourceTree = "<group>"; };
		755BBC551C9E0A1B001A8314 /* Icon-Small@3x.png */ = {isa = PBXFileReference; lastKnownFileType = image.png; path = "Icon-Small@3x.png"; sourceTree = "<group>"; };
		755BBC571C9E0A1B001A8314 /* Icon-Spotlight-40@2x.png */ = {isa = PBXFileReference; lastKnownFileType = image.png; path = "Icon-Spotlight-40@2x.png"; sourceTree = "<group>"; };
		755BBC581C9E0A1B001A8314 /* Icon-Spotlight-40@3x.png */ = {isa = PBXFileReference; lastKnownFileType = image.png; path = "Icon-Spotlight-40@3x.png"; sourceTree = "<group>"; };
		755BBC631C9E0A85001A8314 /* FCFootball.png */ = {isa = PBXFileReference; lastKnownFileType = image.png; path = FCFootball.png; sourceTree = "<group>"; };
		755BBC6C1C9E423B001A8314 /* NewsViewController.xib */ = {isa = PBXFileReference; fileEncoding = 4; lastKnownFileType = file.xib; path = NewsViewController.xib; sourceTree = "<group>"; };
		755BBC731C9E4D34001A8314 /* harbaughsim16-Bridging-Header.h */ = {isa = PBXFileReference; lastKnownFileType = sourcecode.c.h; path = "harbaughsim16-Bridging-Header.h"; sourceTree = "<group>"; };
		755BBC761C9E5930001A8314 /* RecruitingViewController.h */ = {isa = PBXFileReference; fileEncoding = 4; lastKnownFileType = sourcecode.c.h; path = RecruitingViewController.h; sourceTree = "<group>"; };
		755BBC771C9E5930001A8314 /* RecruitingViewController.m */ = {isa = PBXFileReference; fileEncoding = 4; lastKnownFileType = sourcecode.c.objc; path = RecruitingViewController.m; sourceTree = "<group>"; };
		755BBC791C9F5F1A001A8314 /* TeamSearchViewController.h */ = {isa = PBXFileReference; fileEncoding = 4; lastKnownFileType = sourcecode.c.h; path = TeamSearchViewController.h; sourceTree = "<group>"; };
		755BBC7A1C9F5F1A001A8314 /* TeamSearchViewController.m */ = {isa = PBXFileReference; fileEncoding = 4; lastKnownFileType = sourcecode.c.objc; path = TeamSearchViewController.m; sourceTree = "<group>"; };
		755BBC7C1C9F6964001A8314 /* TeamSearchViewController.xib */ = {isa = PBXFileReference; fileEncoding = 4; lastKnownFileType = file.xib; path = TeamSearchViewController.xib; sourceTree = "<group>"; };
		755BBC7E1C9F734E001A8314 /* TeamViewController.h */ = {isa = PBXFileReference; fileEncoding = 4; lastKnownFileType = sourcecode.c.h; path = TeamViewController.h; sourceTree = "<group>"; };
		755BBC7F1C9F734E001A8314 /* TeamViewController.m */ = {isa = PBXFileReference; fileEncoding = 4; lastKnownFileType = sourcecode.c.objc; path = TeamViewController.m; sourceTree = "<group>"; };
		755BBC801C9F734E001A8314 /* TeamViewController.xib */ = {isa = PBXFileReference; fileEncoding = 4; lastKnownFileType = file.xib; path = TeamViewController.xib; sourceTree = "<group>"; };
		755BBC831C9F7DA4001A8314 /* HBScoreCell.h */ = {isa = PBXFileReference; fileEncoding = 4; lastKnownFileType = sourcecode.c.h; path = HBScoreCell.h; sourceTree = "<group>"; };
		755BBC841C9F7DA4001A8314 /* HBScoreCell.m */ = {isa = PBXFileReference; fileEncoding = 4; lastKnownFileType = sourcecode.c.objc; path = HBScoreCell.m; sourceTree = "<group>"; };
		755BBC851C9F7DA4001A8314 /* HBScoreCell.xib */ = {isa = PBXFileReference; fileEncoding = 4; lastKnownFileType = file.xib; path = HBScoreCell.xib; sourceTree = "<group>"; };
		755BBC881CA03252001A8314 /* HBRecruitCell.h */ = {isa = PBXFileReference; fileEncoding = 4; lastKnownFileType = sourcecode.c.h; path = HBRecruitCell.h; sourceTree = "<group>"; };
		755BBC891CA03252001A8314 /* HBRecruitCell.m */ = {isa = PBXFileReference; fileEncoding = 4; lastKnownFileType = sourcecode.c.objc; path = HBRecruitCell.m; sourceTree = "<group>"; };
		755BBC8A1CA03252001A8314 /* HBRecruitCell.xib */ = {isa = PBXFileReference; fileEncoding = 4; lastKnownFileType = file.xib; path = HBRecruitCell.xib; sourceTree = "<group>"; };
		7571DD191C9CB1DC00E67080 /* IntroViewController.h */ = {isa = PBXFileReference; fileEncoding = 4; lastKnownFileType = sourcecode.c.h; path = IntroViewController.h; sourceTree = "<group>"; };
		7571DD1A1C9CB1DC00E67080 /* IntroViewController.m */ = {isa = PBXFileReference; fileEncoding = 4; lastKnownFileType = sourcecode.c.objc; path = IntroViewController.m; sourceTree = "<group>"; };
		7571DD1C1C9CB1E500E67080 /* IntroViewController.xib */ = {isa = PBXFileReference; fileEncoding = 4; lastKnownFileType = file.xib; path = IntroViewController.xib; sourceTree = "<group>"; };
		7571DD1E1C9CBDA900E67080 /* HBSharedUtils.h */ = {isa = PBXFileReference; fileEncoding = 4; lastKnownFileType = sourcecode.c.h; path = HBSharedUtils.h; sourceTree = "<group>"; };
		7571DD1F1C9CBDA900E67080 /* HBSharedUtils.m */ = {isa = PBXFileReference; fileEncoding = 4; lastKnownFileType = sourcecode.c.objc; path = HBSharedUtils.m; sourceTree = "<group>"; };
		7571DD211C9CC62400E67080 /* news-sort@3x.png */ = {isa = PBXFileReference; lastKnownFileType = image.png; path = "news-sort@3x.png"; sourceTree = "<group>"; };
		7571DD231C9CC62E00E67080 /* stats@3x.png */ = {isa = PBXFileReference; lastKnownFileType = image.png; path = "stats@3x.png"; sourceTree = "<group>"; };
		7571DD251C9CC64200E67080 /* settings@3x.png */ = {isa = PBXFileReference; lastKnownFileType = image.png; path = "settings@3x.png"; sourceTree = "<group>"; };
		7571DD271C9CC9A000E67080 /* ScheduleViewController.xib */ = {isa = PBXFileReference; fileEncoding = 4; lastKnownFileType = file.xib; path = ScheduleViewController.xib; sourceTree = "<group>"; };
		7571DD291C9CCD8100E67080 /* HBScheduleCell.h */ = {isa = PBXFileReference; fileEncoding = 4; lastKnownFileType = sourcecode.c.h; path = HBScheduleCell.h; sourceTree = "<group>"; };
		7571DD2A1C9CCD8100E67080 /* HBScheduleCell.m */ = {isa = PBXFileReference; fileEncoding = 4; lastKnownFileType = sourcecode.c.objc; path = HBScheduleCell.m; sourceTree = "<group>"; };
		7571DD2B1C9CCD8100E67080 /* HBScheduleCell.xib */ = {isa = PBXFileReference; fileEncoding = 4; lastKnownFileType = file.xib; path = HBScheduleCell.xib; sourceTree = "<group>"; };
		7571DD321C9CD3A200E67080 /* play-week@3x.png */ = {isa = PBXFileReference; lastKnownFileType = image.png; path = "play-week@3x.png"; sourceTree = "<group>"; };
		7571DD341C9CF8E300E67080 /* MyTeamViewController.xib */ = {isa = PBXFileReference; fileEncoding = 4; lastKnownFileType = file.xib; path = MyTeamViewController.xib; sourceTree = "<group>"; };
		7571DD361C9CFD4000E67080 /* RosterViewController.h */ = {isa = PBXFileReference; fileEncoding = 4; lastKnownFileType = sourcecode.c.h; path = RosterViewController.h; sourceTree = "<group>"; };
		7571DD371C9CFD4000E67080 /* RosterViewController.m */ = {isa = PBXFileReference; fileEncoding = 4; lastKnownFileType = sourcecode.c.objc; path = RosterViewController.m; sourceTree = "<group>"; };
		7571DD391C9CFF6500E67080 /* HBRosterCell.h */ = {isa = PBXFileReference; fileEncoding = 4; lastKnownFileType = sourcecode.c.h; path = HBRosterCell.h; sourceTree = "<group>"; };
		7571DD3A1C9CFF6500E67080 /* HBRosterCell.m */ = {isa = PBXFileReference; fileEncoding = 4; lastKnownFileType = sourcecode.c.objc; path = HBRosterCell.m; sourceTree = "<group>"; };
		7571DD3B1C9CFF6500E67080 /* HBRosterCell.xib */ = {isa = PBXFileReference; fileEncoding = 4; lastKnownFileType = file.xib; path = HBRosterCell.xib; sourceTree = "<group>"; };
		7571DD3E1C9D032F00E67080 /* PlayerDetailViewController.h */ = {isa = PBXFileReference; fileEncoding = 4; lastKnownFileType = sourcecode.c.h; path = PlayerDetailViewController.h; sourceTree = "<group>"; };
		7571DD3F1C9D032F00E67080 /* PlayerDetailViewController.m */ = {isa = PBXFileReference; fileEncoding = 4; lastKnownFileType = sourcecode.c.objc; path = PlayerDetailViewController.m; sourceTree = "<group>"; };
		7571DD401C9D032F00E67080 /* PlayerDetailViewController.xib */ = {isa = PBXFileReference; fileEncoding = 4; lastKnownFileType = file.xib; path = PlayerDetailViewController.xib; sourceTree = "<group>"; };
		7571DD431C9D0C7000E67080 /* GameDetailViewController.xib */ = {isa = PBXFileReference; fileEncoding = 4; lastKnownFileType = file.xib; path = GameDetailViewController.xib; sourceTree = "<group>"; };
		7571DD451C9D34B300E67080 /* RosterViewController.xib */ = {isa = PBXFileReference; fileEncoding = 4; lastKnownFileType = file.xib; path = RosterViewController.xib; sourceTree = "<group>"; };
		75880F8A1CAC949300AF2C1C /* LeagueRecordsViewController.h */ = {isa = PBXFileReference; fileEncoding = 4; lastKnownFileType = sourcecode.c.h; path = LeagueRecordsViewController.h; sourceTree = "<group>"; };
		75880F8B1CAC949300AF2C1C /* LeagueRecordsViewController.m */ = {isa = PBXFileReference; fileEncoding = 4; lastKnownFileType = sourcecode.c.objc; path = LeagueRecordsViewController.m; sourceTree = "<group>"; };
		75880F8D1CAC949F00AF2C1C /* TeamRecordsViewController.h */ = {isa = PBXFileReference; fileEncoding = 4; lastKnownFileType = sourcecode.c.h; path = TeamRecordsViewController.h; sourceTree = "<group>"; };
		75880F8E1CAC949F00AF2C1C /* TeamRecordsViewController.m */ = {isa = PBXFileReference; fileEncoding = 4; lastKnownFileType = sourcecode.c.objc; path = TeamRecordsViewController.m; sourceTree = "<group>"; };
		75924A1B1C99CCC000B165AD /* harbaughsim16.app */ = {isa = PBXFileReference; explicitFileType = wrapper.application; includeInIndex = 0; path = harbaughsim16.app; sourceTree = BUILT_PRODUCTS_DIR; };
		75924A1F1C99CCC000B165AD /* main.m */ = {isa = PBXFileReference; lastKnownFileType = sourcecode.c.objc; path = main.m; sourceTree = "<group>"; };
		75924A211C99CCC000B165AD /* AppDelegate.h */ = {isa = PBXFileReference; lastKnownFileType = sourcecode.c.h; path = AppDelegate.h; sourceTree = "<group>"; };
		75924A221C99CCC000B165AD /* AppDelegate.m */ = {isa = PBXFileReference; lastKnownFileType = sourcecode.c.objc; path = AppDelegate.m; sourceTree = "<group>"; };
		75924A241C99CCC000B165AD /* NewsViewController.h */ = {isa = PBXFileReference; lastKnownFileType = sourcecode.c.h; path = NewsViewController.h; sourceTree = "<group>"; };
		75924A251C99CCC000B165AD /* NewsViewController.m */ = {isa = PBXFileReference; lastKnownFileType = sourcecode.c.objc; path = NewsViewController.m; sourceTree = "<group>"; };
		75924A2D1C99CCC000B165AD /* Assets.xcassets */ = {isa = PBXFileReference; lastKnownFileType = folder.assetcatalog; path = Assets.xcassets; sourceTree = "<group>"; };
		75924A301C99CCC000B165AD /* Base */ = {isa = PBXFileReference; lastKnownFileType = file.storyboard; name = Base; path = Base.lproj/LaunchScreen.storyboard; sourceTree = "<group>"; };
		75924A321C99CCC000B165AD /* Info.plist */ = {isa = PBXFileReference; lastKnownFileType = text.plist.xml; path = Info.plist; sourceTree = "<group>"; };
		75924A3B1C99CD8D00B165AD /* Team.h */ = {isa = PBXFileReference; fileEncoding = 4; lastKnownFileType = sourcecode.c.h; path = Team.h; sourceTree = "<group>"; };
		75924A3C1C99CD8D00B165AD /* Team.m */ = {isa = PBXFileReference; fileEncoding = 4; lastKnownFileType = sourcecode.c.objc; path = Team.m; sourceTree = "<group>"; };
		75924A471C99CF7C00B165AD /* Game.h */ = {isa = PBXFileReference; fileEncoding = 4; lastKnownFileType = sourcecode.c.h; path = Game.h; sourceTree = "<group>"; };
		75924A481C99CF7C00B165AD /* Game.m */ = {isa = PBXFileReference; fileEncoding = 4; lastKnownFileType = sourcecode.c.objc; path = Game.m; sourceTree = "<group>"; };
		75924A4A1C99D03300B165AD /* Player.h */ = {isa = PBXFileReference; fileEncoding = 4; lastKnownFileType = sourcecode.c.h; path = Player.h; sourceTree = "<group>"; };
		75924A4B1C99D03300B165AD /* Player.m */ = {isa = PBXFileReference; fileEncoding = 4; lastKnownFileType = sourcecode.c.objc; path = Player.m; sourceTree = "<group>"; };
		75924A4D1C99D05E00B165AD /* Conference.h */ = {isa = PBXFileReference; fileEncoding = 4; lastKnownFileType = sourcecode.c.h; path = Conference.h; sourceTree = "<group>"; };
		75924A4E1C99D05E00B165AD /* Conference.m */ = {isa = PBXFileReference; fileEncoding = 4; lastKnownFileType = sourcecode.c.objc; path = Conference.m; sourceTree = "<group>"; };
		75924A501C99D1C600B165AD /* TeamStrategy.h */ = {isa = PBXFileReference; fileEncoding = 4; lastKnownFileType = sourcecode.c.h; path = TeamStrategy.h; sourceTree = "<group>"; };
		75924A511C99D1C600B165AD /* TeamStrategy.m */ = {isa = PBXFileReference; fileEncoding = 4; lastKnownFileType = sourcecode.c.objc; path = TeamStrategy.m; sourceTree = "<group>"; };
		75924A531C99D24500B165AD /* League.h */ = {isa = PBXFileReference; fileEncoding = 4; lastKnownFileType = sourcecode.c.h; path = League.h; sourceTree = "<group>"; };
		75924A541C99D24500B165AD /* League.m */ = {isa = PBXFileReference; fileEncoding = 4; lastKnownFileType = sourcecode.c.objc; path = League.m; sourceTree = "<group>"; };
		75924A561C99E62F00B165AD /* PlayerQB.h */ = {isa = PBXFileReference; fileEncoding = 4; lastKnownFileType = sourcecode.c.h; path = PlayerQB.h; sourceTree = "<group>"; };
		75924A571C99E62F00B165AD /* PlayerQB.m */ = {isa = PBXFileReference; fileEncoding = 4; lastKnownFileType = sourcecode.c.objc; path = PlayerQB.m; sourceTree = "<group>"; };
		75924A591C99E63800B165AD /* PlayerRB.h */ = {isa = PBXFileReference; fileEncoding = 4; lastKnownFileType = sourcecode.c.h; path = PlayerRB.h; sourceTree = "<group>"; };
		75924A5A1C99E63800B165AD /* PlayerRB.m */ = {isa = PBXFileReference; fileEncoding = 4; lastKnownFileType = sourcecode.c.objc; path = PlayerRB.m; sourceTree = "<group>"; };
		75924A5C1C99E64400B165AD /* PlayerWR.h */ = {isa = PBXFileReference; fileEncoding = 4; lastKnownFileType = sourcecode.c.h; path = PlayerWR.h; sourceTree = "<group>"; };
		75924A5D1C99E64400B165AD /* PlayerWR.m */ = {isa = PBXFileReference; fileEncoding = 4; lastKnownFileType = sourcecode.c.objc; path = PlayerWR.m; sourceTree = "<group>"; };
		75924A5F1C99E64D00B165AD /* PlayerK.h */ = {isa = PBXFileReference; fileEncoding = 4; lastKnownFileType = sourcecode.c.h; path = PlayerK.h; sourceTree = "<group>"; };
		75924A601C99E64D00B165AD /* PlayerK.m */ = {isa = PBXFileReference; fileEncoding = 4; lastKnownFileType = sourcecode.c.objc; path = PlayerK.m; sourceTree = "<group>"; };
		75924A621C99E65600B165AD /* PlayerOL.h */ = {isa = PBXFileReference; fileEncoding = 4; lastKnownFileType = sourcecode.c.h; path = PlayerOL.h; sourceTree = "<group>"; };
		75924A631C99E65600B165AD /* PlayerOL.m */ = {isa = PBXFileReference; fileEncoding = 4; lastKnownFileType = sourcecode.c.objc; path = PlayerOL.m; sourceTree = "<group>"; };
		75924A651C99E65E00B165AD /* PlayerS.h */ = {isa = PBXFileReference; fileEncoding = 4; lastKnownFileType = sourcecode.c.h; path = PlayerS.h; sourceTree = "<group>"; };
		75924A661C99E65E00B165AD /* PlayerS.m */ = {isa = PBXFileReference; fileEncoding = 4; lastKnownFileType = sourcecode.c.objc; path = PlayerS.m; sourceTree = "<group>"; };
		75924A681C99E66700B165AD /* PlayerCB.h */ = {isa = PBXFileReference; fileEncoding = 4; lastKnownFileType = sourcecode.c.h; path = PlayerCB.h; sourceTree = "<group>"; };
		75924A691C99E66700B165AD /* PlayerCB.m */ = {isa = PBXFileReference; fileEncoding = 4; lastKnownFileType = sourcecode.c.objc; path = PlayerCB.m; sourceTree = "<group>"; };
		75924A6B1C99E66E00B165AD /* PlayerF7.h */ = {isa = PBXFileReference; fileEncoding = 4; lastKnownFileType = sourcecode.c.h; path = PlayerF7.h; sourceTree = "<group>"; };
		75924A6C1C99E66E00B165AD /* PlayerF7.m */ = {isa = PBXFileReference; fileEncoding = 4; lastKnownFileType = sourcecode.c.objc; path = PlayerF7.m; sourceTree = "<group>"; };
		75A41B4B1CA311CF00025E53 /* close@3x.png */ = {isa = PBXFileReference; lastKnownFileType = image.png; path = "close@3x.png"; sourceTree = "<group>"; };
		75A86C861C9C790D0034140C /* FCTableViewController.h */ = {isa = PBXFileReference; fileEncoding = 4; lastKnownFileType = sourcecode.c.h; path = FCTableViewController.h; sourceTree = "<group>"; };
		75A86C871C9C790D0034140C /* FCTableViewController.m */ = {isa = PBXFileReference; fileEncoding = 4; lastKnownFileType = sourcecode.c.objc; path = FCTableViewController.m; sourceTree = "<group>"; };
		75A86C891C9C7AA80034140C /* news@3x.png */ = {isa = PBXFileReference; lastKnownFileType = image.png; path = "news@3x.png"; sourceTree = "<group>"; };
		75A86C8B1C9C7AA80034140C /* roster@3x.png */ = {isa = PBXFileReference; lastKnownFileType = image.png; path = "roster@3x.png"; sourceTree = "<group>"; };
		75A86C8C1C9C7AA80034140C /* schedule@3x.png */ = {isa = PBXFileReference; lastKnownFileType = image.png; path = "schedule@3x.png"; sourceTree = "<group>"; };
		75A86C8D1C9C7AA80034140C /* team@3x.png */ = {isa = PBXFileReference; lastKnownFileType = image.png; path = "team@3x.png"; sourceTree = "<group>"; };
		75A86C931C9C7C0C0034140C /* news-selected@3x.png */ = {isa = PBXFileReference; lastKnownFileType = image.png; path = "news-selected@3x.png"; sourceTree = "<group>"; };
		75A86C941C9C7C0C0034140C /* recruit-selected@3x.png */ = {isa = PBXFileReference; lastKnownFileType = image.png; path = "recruit-selected@3x.png"; sourceTree = "<group>"; };
		75A86C951C9C7C0C0034140C /* recruit@3x.png */ = {isa = PBXFileReference; lastKnownFileType = image.png; path = "recruit@3x.png"; sourceTree = "<group>"; };
		75A86C961C9C7C0C0034140C /* schedule-selected@3x.png */ = {isa = PBXFileReference; lastKnownFileType = image.png; path = "schedule-selected@3x.png"; sourceTree = "<group>"; };
		75A86C971C9C7C0C0034140C /* team-selected@3x.png */ = {isa = PBXFileReference; lastKnownFileType = image.png; path = "team-selected@3x.png"; sourceTree = "<group>"; };
		75A86C9D1C9C7C9E0034140C /* roster-selected@3x.png */ = {isa = PBXFileReference; lastKnownFileType = image.png; path = "roster-selected@3x.png"; sourceTree = "<group>"; };
		75BABF3A1C9A5D1100A68CD6 /* ScheduleViewController.h */ = {isa = PBXFileReference; fileEncoding = 4; lastKnownFileType = sourcecode.c.h; path = ScheduleViewController.h; sourceTree = "<group>"; };
		75BABF3B1C9A5D1100A68CD6 /* ScheduleViewController.m */ = {isa = PBXFileReference; fileEncoding = 4; lastKnownFileType = sourcecode.c.objc; path = ScheduleViewController.m; sourceTree = "<group>"; };
		75BABF431C9A5D5300A68CD6 /* MyTeamViewController.h */ = {isa = PBXFileReference; fileEncoding = 4; lastKnownFileType = sourcecode.c.h; path = MyTeamViewController.h; sourceTree = "<group>"; };
		75BABF441C9A5D5300A68CD6 /* MyTeamViewController.m */ = {isa = PBXFileReference; fileEncoding = 4; lastKnownFileType = sourcecode.c.objc; path = MyTeamViewController.m; sourceTree = "<group>"; };
		75C321BF1CAD748F00906A38 /* AllLeagueTeamViewController.h */ = {isa = PBXFileReference; fileEncoding = 4; lastKnownFileType = sourcecode.c.h; path = AllLeagueTeamViewController.h; sourceTree = "<group>"; };
		75C321C01CAD748F00906A38 /* AllLeagueTeamViewController.m */ = {isa = PBXFileReference; fileEncoding = 4; lastKnownFileType = sourcecode.c.objc; path = AllLeagueTeamViewController.m; sourceTree = "<group>"; };
		75C321C21CAD7BBB00906A38 /* AllConferenceTeamViewController.h */ = {isa = PBXFileReference; fileEncoding = 4; lastKnownFileType = sourcecode.c.h; path = AllConferenceTeamViewController.h; sourceTree = "<group>"; };
		75C321C31CAD7BBB00906A38 /* AllConferenceTeamViewController.m */ = {isa = PBXFileReference; fileEncoding = 4; lastKnownFileType = sourcecode.c.objc; path = AllConferenceTeamViewController.m; sourceTree = "<group>"; };
		75C321C51CAD7C5500906A38 /* AllConferenceTeamConferenceSelectorViewController.h */ = {isa = PBXFileReference; fileEncoding = 4; lastKnownFileType = sourcecode.c.h; path = AllConferenceTeamConferenceSelectorViewController.h; sourceTree = "<group>"; };
		75C321C61CAD7C5500906A38 /* AllConferenceTeamConferenceSelectorViewController.m */ = {isa = PBXFileReference; fileEncoding = 4; lastKnownFileType = sourcecode.c.objc; path = AllConferenceTeamConferenceSelectorViewController.m; sourceTree = "<group>"; };
		75E10F1A1CA0D9CA0000DA78 /* TeamHistoryViewController.h */ = {isa = PBXFileReference; fileEncoding = 4; lastKnownFileType = sourcecode.c.h; path = TeamHistoryViewController.h; sourceTree = "<group>"; };
		75E10F1B1CA0D9CA0000DA78 /* TeamHistoryViewController.m */ = {isa = PBXFileReference; fileEncoding = 4; lastKnownFileType = sourcecode.c.objc; path = TeamHistoryViewController.m; sourceTree = "<group>"; };
		75E10F1C1CA0D9CA0000DA78 /* TeamHistoryViewController.xib */ = {isa = PBXFileReference; fileEncoding = 4; lastKnownFileType = file.xib; path = TeamHistoryViewController.xib; sourceTree = "<group>"; };
		75E10F1F1CA0E0170000DA78 /* LeagueHistoryController.h */ = {isa = PBXFileReference; fileEncoding = 4; lastKnownFileType = sourcecode.c.h; path = LeagueHistoryController.h; sourceTree = "<group>"; };
		75E10F201CA0E0170000DA78 /* LeagueHistoryController.m */ = {isa = PBXFileReference; fileEncoding = 4; lastKnownFileType = sourcecode.c.objc; path = LeagueHistoryController.m; sourceTree = "<group>"; };
		75E10F221CA0E0270000DA78 /* HeismanHistoryViewController.h */ = {isa = PBXFileReference; fileEncoding = 4; lastKnownFileType = sourcecode.c.h; path = HeismanHistoryViewController.h; sourceTree = "<group>"; };
		75E10F231CA0E0270000DA78 /* HeismanHistoryViewController.m */ = {isa = PBXFileReference; fileEncoding = 4; lastKnownFileType = sourcecode.c.objc; path = HeismanHistoryViewController.m; sourceTree = "<group>"; };
		75E10F241CA0E0270000DA78 /* HeismanHistoryViewController.xib */ = {isa = PBXFileReference; fileEncoding = 4; lastKnownFileType = file.xib; path = HeismanHistoryViewController.xib; sourceTree = "<group>"; };
		75E10F271CA0E0330000DA78 /* LeagueYearViewController.h */ = {isa = PBXFileReference; fileEncoding = 4; lastKnownFileType = sourcecode.c.h; path = LeagueYearViewController.h; sourceTree = "<group>"; };
		75E10F281CA0E0330000DA78 /* LeagueYearViewController.m */ = {isa = PBXFileReference; fileEncoding = 4; lastKnownFileType = sourcecode.c.objc; path = LeagueYearViewController.m; sourceTree = "<group>"; };
		75E10F291CA0E0330000DA78 /* LeagueYearViewController.xib */ = {isa = PBXFileReference; fileEncoding = 4; lastKnownFileType = file.xib; path = LeagueYearViewController.xib; sourceTree = "<group>"; };
		816834A7F9C15B63FF8EA2BB /* Pods_harbaughsim16.framework */ = {isa = PBXFileReference; explicitFileType = wrapper.framework; includeInIndex = 0; path = Pods_harbaughsim16.framework; sourceTree = BUILT_PRODUCTS_DIR; };
		FAC021E4350CD61827E4ADB7 /* Pods-harbaughsim16.debug.xcconfig */ = {isa = PBXFileReference; includeInIndex = 1; lastKnownFileType = text.xcconfig; name = "Pods-harbaughsim16.debug.xcconfig"; path = "Pods/Target Support Files/Pods-harbaughsim16/Pods-harbaughsim16.debug.xcconfig"; sourceTree = "<group>"; };
/* End PBXFileReference section */

/* Begin PBXFrameworksBuildPhase section */
		75924A181C99CCC000B165AD /* Frameworks */ = {
			isa = PBXFrameworksBuildPhase;
			buildActionMask = 2147483647;
			files = (
				3B126401C40074476E0CBD5E /* Pods_harbaughsim16.framework in Frameworks */,
			);
			runOnlyForDeploymentPostprocessing = 0;
		};
/* End PBXFrameworksBuildPhase section */

/* Begin PBXGroup section */
		7510B8441C9C76AD00BE9CD6 /* Base Tabs */ = {
			isa = PBXGroup;
			children = (
				755BBC691C9E10D0001A8314 /* News */,
				755BBC681C9E10CB001A8314 /* Schedule */,
				755BBC671C9E10BD001A8314 /* Roster */,
				755BBC661C9E10AF001A8314 /* Teams */,
			);
			name = "Base Tabs";
			sourceTree = "<group>";
		};
		755BBC651C9E10A1001A8314 /* Intro */ = {
			isa = PBXGroup;
			children = (
				75924A211C99CCC000B165AD /* AppDelegate.h */,
				75924A221C99CCC000B165AD /* AppDelegate.m */,
				7510B8451C9C76BE00BE9CD6 /* TeamSelectionViewController.h */,
				7510B8461C9C76BE00BE9CD6 /* TeamSelectionViewController.m */,
				7571DD191C9CB1DC00E67080 /* IntroViewController.h */,
				7571DD1A1C9CB1DC00E67080 /* IntroViewController.m */,
				7571DD1C1C9CB1E500E67080 /* IntroViewController.xib */,
			);
			name = Intro;
			sourceTree = "<group>";
		};
		755BBC661C9E10AF001A8314 /* Teams */ = {
			isa = PBXGroup;
			children = (
				755BBC791C9F5F1A001A8314 /* TeamSearchViewController.h */,
				755BBC7A1C9F5F1A001A8314 /* TeamSearchViewController.m */,
				755BBC7C1C9F6964001A8314 /* TeamSearchViewController.xib */,
				755BBC7E1C9F734E001A8314 /* TeamViewController.h */,
				755BBC7F1C9F734E001A8314 /* TeamViewController.m */,
				755BBC801C9F734E001A8314 /* TeamViewController.xib */,
				75BABF431C9A5D5300A68CD6 /* MyTeamViewController.h */,
				75BABF441C9A5D5300A68CD6 /* MyTeamViewController.m */,
				7571DD341C9CF8E300E67080 /* MyTeamViewController.xib */,
				75880F8A1CAC949300AF2C1C /* LeagueRecordsViewController.h */,
				75880F8B1CAC949300AF2C1C /* LeagueRecordsViewController.m */,
				75880F8D1CAC949F00AF2C1C /* TeamRecordsViewController.h */,
				75880F8E1CAC949F00AF2C1C /* TeamRecordsViewController.m */,
				754E907C1CA59A0900C450CF /* RankingsViewController.h */,
				754E907D1CA59A0900C450CF /* RankingsViewController.m */,
				75E10F1A1CA0D9CA0000DA78 /* TeamHistoryViewController.h */,
				75E10F1B1CA0D9CA0000DA78 /* TeamHistoryViewController.m */,
				75E10F1C1CA0D9CA0000DA78 /* TeamHistoryViewController.xib */,
				75E10F1F1CA0E0170000DA78 /* LeagueHistoryController.h */,
				75E10F201CA0E0170000DA78 /* LeagueHistoryController.m */,
				75E10F271CA0E0330000DA78 /* LeagueYearViewController.h */,
				75E10F281CA0E0330000DA78 /* LeagueYearViewController.m */,
				75E10F291CA0E0330000DA78 /* LeagueYearViewController.xib */,
				75E10F221CA0E0270000DA78 /* HeismanHistoryViewController.h */,
				75E10F231CA0E0270000DA78 /* HeismanHistoryViewController.m */,
				75E10F241CA0E0270000DA78 /* HeismanHistoryViewController.xib */,
				7510B84E1C9C76E600BE9CD6 /* SettingsViewController.h */,
				7510B84F1C9C76E600BE9CD6 /* SettingsViewController.m */,
				751DF8221CA1D66D003C62F2 /* TeamStrategyViewController.h */,
				751DF8231CA1D66D003C62F2 /* TeamStrategyViewController.m */,
				751DF81D1CA17F81003C62F2 /* HBSettingsCell.h */,
				751DF81E1CA17F81003C62F2 /* HBSettingsCell.m */,
				751DF81F1CA17F81003C62F2 /* HBSettingsCell.xib */,
			);
			name = Teams;
			sourceTree = "<group>";
		};
		755BBC671C9E10BD001A8314 /* Roster */ = {
			isa = PBXGroup;
			children = (
				751DF8251CA1F273003C62F2 /* TeamRosterViewController.h */,
				751DF8261CA1F273003C62F2 /* TeamRosterViewController.m */,
				755BBC881CA03252001A8314 /* HBRecruitCell.h */,
				755BBC891CA03252001A8314 /* HBRecruitCell.m */,
				755BBC8A1CA03252001A8314 /* HBRecruitCell.xib */,
				7571DD361C9CFD4000E67080 /* RosterViewController.h */,
				7571DD371C9CFD4000E67080 /* RosterViewController.m */,
				7571DD451C9D34B300E67080 /* RosterViewController.xib */,
				7571DD3E1C9D032F00E67080 /* PlayerDetailViewController.h */,
				7571DD3F1C9D032F00E67080 /* PlayerDetailViewController.m */,
				7571DD401C9D032F00E67080 /* PlayerDetailViewController.xib */,
				7571DD391C9CFF6500E67080 /* HBRosterCell.h */,
				7571DD3A1C9CFF6500E67080 /* HBRosterCell.m */,
				7571DD3B1C9CFF6500E67080 /* HBRosterCell.xib */,
			);
			name = Roster;
			sourceTree = "<group>";
		};
		755BBC681C9E10CB001A8314 /* Schedule */ = {
			isa = PBXGroup;
			children = (
				75BABF3A1C9A5D1100A68CD6 /* ScheduleViewController.h */,
				75BABF3B1C9A5D1100A68CD6 /* ScheduleViewController.m */,
				7571DD271C9CC9A000E67080 /* ScheduleViewController.xib */,
				754E907F1CA5A59D00C450CF /* TeamScheduleViewController.h */,
				754E90801CA5A59D00C450CF /* TeamScheduleViewController.m */,
				754E90811CA5A59D00C450CF /* TeamScheduleViewController.xib */,
				7510B8481C9C76C900BE9CD6 /* GameDetailViewController.h */,
				7510B8491C9C76C900BE9CD6 /* GameDetailViewController.m */,
				7571DD431C9D0C7000E67080 /* GameDetailViewController.xib */,
				755BBC831C9F7DA4001A8314 /* HBScoreCell.h */,
				755BBC841C9F7DA4001A8314 /* HBScoreCell.m */,
				755BBC851C9F7DA4001A8314 /* HBScoreCell.xib */,
				755BBC4A1C9DEDF0001A8314 /* HBPlayerCell.h */,
				755BBC4B1C9DEDF0001A8314 /* HBPlayerCell.m */,
				755BBC4C1C9DEDF0001A8314 /* HBPlayerCell.xib */,
				755BBC451C9DD0DF001A8314 /* HBStatsCell.h */,
				755BBC461C9DD0DF001A8314 /* HBStatsCell.m */,
				755BBC471C9DD0DF001A8314 /* HBStatsCell.xib */,
				7571DD291C9CCD8100E67080 /* HBScheduleCell.h */,
				7571DD2A1C9CCD8100E67080 /* HBScheduleCell.m */,
				7571DD2B1C9CCD8100E67080 /* HBScheduleCell.xib */,
			);
			name = Schedule;
			sourceTree = "<group>";
		};
		755BBC691C9E10D0001A8314 /* News */ = {
			isa = PBXGroup;
			children = (
				75924A241C99CCC000B165AD /* NewsViewController.h */,
				75924A251C99CCC000B165AD /* NewsViewController.m */,
				755BBC6C1C9E423B001A8314 /* NewsViewController.xib */,
				75C321C51CAD7C5500906A38 /* AllConferenceTeamConferenceSelectorViewController.h */,
				75C321C61CAD7C5500906A38 /* AllConferenceTeamConferenceSelectorViewController.m */,
				75C321BF1CAD748F00906A38 /* AllLeagueTeamViewController.h */,
				75C321C01CAD748F00906A38 /* AllLeagueTeamViewController.m */,
				75C321C21CAD7BBB00906A38 /* AllConferenceTeamViewController.h */,
				75C321C31CAD7BBB00906A38 /* AllConferenceTeamViewController.m */,
				755BBC761C9E5930001A8314 /* RecruitingViewController.h */,
				755BBC771C9E5930001A8314 /* RecruitingViewController.m */,
				754E90791CA58C0F00C450CF /* HeismanLeadersViewController.h */,
				754E907A1CA58C0F00C450CF /* HeismanLeadersViewController.m */,
				754E90761CA58BF800C450CF /* BowlProjectionViewController.h */,
				754E90771CA58BF800C450CF /* BowlProjectionViewController.m */,
				755BBC731C9E4D34001A8314 /* harbaughsim16-Bridging-Header.h */,
			);
			name = News;
			sourceTree = "<group>";
		};
		755BBC6A1C9E1196001A8314 /* Base */ = {
			isa = PBXGroup;
			children = (
				75A86C861C9C790D0034140C /* FCTableViewController.h */,
				75A86C871C9C790D0034140C /* FCTableViewController.m */,
				7571DD1E1C9CBDA900E67080 /* HBSharedUtils.h */,
				7571DD1F1C9CBDA900E67080 /* HBSharedUtils.m */,
			);
			name = Base;
			sourceTree = "<group>";
		};
		755BBC6B1C9E11BD001A8314 /* Players */ = {
			isa = PBXGroup;
			children = (
				75924A4A1C99D03300B165AD /* Player.h */,
				75924A4B1C99D03300B165AD /* Player.m */,
				75924A561C99E62F00B165AD /* PlayerQB.h */,
				75924A571C99E62F00B165AD /* PlayerQB.m */,
				75924A591C99E63800B165AD /* PlayerRB.h */,
				75924A5A1C99E63800B165AD /* PlayerRB.m */,
				75924A5C1C99E64400B165AD /* PlayerWR.h */,
				75924A5D1C99E64400B165AD /* PlayerWR.m */,
				75924A5F1C99E64D00B165AD /* PlayerK.h */,
				75924A601C99E64D00B165AD /* PlayerK.m */,
				75924A621C99E65600B165AD /* PlayerOL.h */,
				75924A631C99E65600B165AD /* PlayerOL.m */,
				75924A651C99E65E00B165AD /* PlayerS.h */,
				75924A661C99E65E00B165AD /* PlayerS.m */,
				75924A681C99E66700B165AD /* PlayerCB.h */,
				75924A691C99E66700B165AD /* PlayerCB.m */,
				75924A6B1C99E66E00B165AD /* PlayerF7.h */,
				75924A6C1C99E66E00B165AD /* PlayerF7.m */,
			);
			name = Players;
			sourceTree = "<group>";
		};
		75924A121C99CCC000B165AD = {
			isa = PBXGroup;
			children = (
				75924A1D1C99CCC000B165AD /* harbaughsim16 */,
				75924A1C1C99CCC000B165AD /* Products */,
				A166FA420F5A47450B706E0D /* Pods */,
				9E01BE51791486545CD182A1 /* Frameworks */,
			);
			sourceTree = "<group>";
		};
		75924A1C1C99CCC000B165AD /* Products */ = {
			isa = PBXGroup;
			children = (
				75924A1B1C99CCC000B165AD /* harbaughsim16.app */,
			);
			name = Products;
			sourceTree = "<group>";
		};
		75924A1D1C99CCC000B165AD /* harbaughsim16 */ = {
			isa = PBXGroup;
			children = (
				755BBC651C9E10A1001A8314 /* Intro */,
				7510B8441C9C76AD00BE9CD6 /* Base Tabs */,
				75924A2D1C99CCC000B165AD /* Assets.xcassets */,
				75924A2F1C99CCC000B165AD /* LaunchScreen.storyboard */,
				75924A321C99CCC000B165AD /* Info.plist */,
				755BBC6A1C9E1196001A8314 /* Base */,
				75A86C9F1C9C7CAA0034140C /* Images */,
				75BABF461C9A5E5E00A68CD6 /* Simulation Model */,
				75924A1E1C99CCC000B165AD /* Supporting Files */,
			);
			path = harbaughsim16;
			sourceTree = "<group>";
		};
		75924A1E1C99CCC000B165AD /* Supporting Files */ = {
			isa = PBXGroup;
			children = (
				75924A1F1C99CCC000B165AD /* main.m */,
			);
			name = "Supporting Files";
			sourceTree = "<group>";
		};
		75A86C9F1C9C7CAA0034140C /* Images */ = {
			isa = PBXGroup;
			children = (
				75A41B4B1CA311CF00025E53 /* close@3x.png */,
				755BBC631C9E0A85001A8314 /* FCFootball.png */,
				755BBC4F1C9E0A1B001A8314 /* FCIcon1024.png */,
				755BBC511C9E0A1B001A8314 /* Icon-60@2x.png */,
				755BBC521C9E0A1B001A8314 /* Icon-60@3x.png */,
				755BBC541C9E0A1B001A8314 /* Icon-Small@2x.png */,
				755BBC551C9E0A1B001A8314 /* Icon-Small@3x.png */,
				755BBC571C9E0A1B001A8314 /* Icon-Spotlight-40@2x.png */,
				755BBC581C9E0A1B001A8314 /* Icon-Spotlight-40@3x.png */,
				7571DD321C9CD3A200E67080 /* play-week@3x.png */,
				7571DD211C9CC62400E67080 /* news-sort@3x.png */,
				7571DD231C9CC62E00E67080 /* stats@3x.png */,
				7571DD251C9CC64200E67080 /* settings@3x.png */,
				75A86C931C9C7C0C0034140C /* news-selected@3x.png */,
				75A86C941C9C7C0C0034140C /* recruit-selected@3x.png */,
				75A86C9D1C9C7C9E0034140C /* roster-selected@3x.png */,
				75A86C951C9C7C0C0034140C /* recruit@3x.png */,
				75A86C961C9C7C0C0034140C /* schedule-selected@3x.png */,
				75A86C971C9C7C0C0034140C /* team-selected@3x.png */,
				75A86C891C9C7AA80034140C /* news@3x.png */,
				75A86C8B1C9C7AA80034140C /* roster@3x.png */,
				75A86C8C1C9C7AA80034140C /* schedule@3x.png */,
				75A86C8D1C9C7AA80034140C /* team@3x.png */,
			);
			name = Images;
			sourceTree = "<group>";
		};
		75BABF461C9A5E5E00A68CD6 /* Simulation Model */ = {
			isa = PBXGroup;
			children = (
				75924A531C99D24500B165AD /* League.h */,
				75924A541C99D24500B165AD /* League.m */,
				75924A3B1C99CD8D00B165AD /* Team.h */,
				75924A3C1C99CD8D00B165AD /* Team.m */,
				75924A501C99D1C600B165AD /* TeamStrategy.h */,
				75924A511C99D1C600B165AD /* TeamStrategy.m */,
				75924A4D1C99D05E00B165AD /* Conference.h */,
				75924A4E1C99D05E00B165AD /* Conference.m */,
				75924A471C99CF7C00B165AD /* Game.h */,
				75924A481C99CF7C00B165AD /* Game.m */,
				755BBC6B1C9E11BD001A8314 /* Players */,
			);
			name = "Simulation Model";
			sourceTree = "<group>";
		};
		9E01BE51791486545CD182A1 /* Frameworks */ = {
			isa = PBXGroup;
			children = (
				816834A7F9C15B63FF8EA2BB /* Pods_harbaughsim16.framework */,
			);
			name = Frameworks;
			sourceTree = "<group>";
		};
		A166FA420F5A47450B706E0D /* Pods */ = {
			isa = PBXGroup;
			children = (
				FAC021E4350CD61827E4ADB7 /* Pods-harbaughsim16.debug.xcconfig */,
				44F9430C6D467B894D8E6C88 /* Pods-harbaughsim16.release.xcconfig */,
			);
			name = Pods;
			sourceTree = "<group>";
		};
/* End PBXGroup section */

/* Begin PBXNativeTarget section */
		75924A1A1C99CCC000B165AD /* harbaughsim16 */ = {
			isa = PBXNativeTarget;
			buildConfigurationList = 75924A351C99CCC000B165AD /* Build configuration list for PBXNativeTarget "harbaughsim16" */;
			buildPhases = (
				3C62C6932E1DFA7793EB4A43 /* Check Pods Manifest.lock */,
				75924A171C99CCC000B165AD /* Sources */,
				75924A181C99CCC000B165AD /* Frameworks */,
				75924A191C99CCC000B165AD /* Resources */,
				420717E5DD0E35E3620D859B /* Embed Pods Frameworks */,
				91BB9B24087F393AA71E4295 /* Copy Pods Resources */,
			);
			buildRules = (
			);
			dependencies = (
			);
			name = harbaughsim16;
			productName = harbaughsim16;
			productReference = 75924A1B1C99CCC000B165AD /* harbaughsim16.app */;
			productType = "com.apple.product-type.application";
		};
/* End PBXNativeTarget section */

/* Begin PBXProject section */
		75924A131C99CCC000B165AD /* Project object */ = {
			isa = PBXProject;
			attributes = {
				LastUpgradeCheck = 0720;
				ORGANIZATIONNAME = "Akshay Easwaran";
				TargetAttributes = {
					75924A1A1C99CCC000B165AD = {
						CreatedOnToolsVersion = 7.2.1;
					};
				};
			};
			buildConfigurationList = 75924A161C99CCC000B165AD /* Build configuration list for PBXProject "harbaughsim16" */;
			compatibilityVersion = "Xcode 3.2";
			developmentRegion = English;
			hasScannedForEncodings = 0;
			knownRegions = (
				en,
				Base,
			);
			mainGroup = 75924A121C99CCC000B165AD;
			productRefGroup = 75924A1C1C99CCC000B165AD /* Products */;
			projectDirPath = "";
			projectRoot = "";
			targets = (
				75924A1A1C99CCC000B165AD /* harbaughsim16 */,
			);
		};
/* End PBXProject section */

/* Begin PBXResourcesBuildPhase section */
		75924A191C99CCC000B165AD /* Resources */ = {
			isa = PBXResourcesBuildPhase;
			buildActionMask = 2147483647;
			files = (
				755BBC5F1C9E0A1B001A8314 /* Icon-Small@3x.png in Resources */,
				75A86C911C9C7AA80034140C /* schedule@3x.png in Resources */,
				75924A311C99CCC000B165AD /* LaunchScreen.storyboard in Resources */,
				755BBC491C9DD0DF001A8314 /* HBStatsCell.xib in Resources */,
				75A86C9A1C9C7C0C0034140C /* recruit@3x.png in Resources */,
				755BBC5B1C9E0A1B001A8314 /* Icon-60@2x.png in Resources */,
				75E10F261CA0E0270000DA78 /* HeismanHistoryViewController.xib in Resources */,
				75E10F1E1CA0D9CA0000DA78 /* TeamHistoryViewController.xib in Resources */,
				7571DD441C9D0C7000E67080 /* GameDetailViewController.xib in Resources */,
				755BBC5C1C9E0A1B001A8314 /* Icon-60@3x.png in Resources */,
				7571DD421C9D032F00E67080 /* PlayerDetailViewController.xib in Resources */,
				7571DD221C9CC62400E67080 /* news-sort@3x.png in Resources */,
				75A41B4C1CA311CF00025E53 /* close@3x.png in Resources */,
				7571DD281C9CC9A000E67080 /* ScheduleViewController.xib in Resources */,
				755BBC4E1C9DEDF0001A8314 /* HBPlayerCell.xib in Resources */,
				7571DD461C9D34B300E67080 /* RosterViewController.xib in Resources */,
				75A86C901C9C7AA80034140C /* roster@3x.png in Resources */,
				755BBC641C9E0A85001A8314 /* FCFootball.png in Resources */,
				7571DD2D1C9CCD8100E67080 /* HBScheduleCell.xib in Resources */,
				755BBC8C1CA03252001A8314 /* HBRecruitCell.xib in Resources */,
				75924A2E1C99CCC000B165AD /* Assets.xcassets in Resources */,
				755BBC591C9E0A1B001A8314 /* FCIcon1024.png in Resources */,
				755BBC621C9E0A1B001A8314 /* Icon-Spotlight-40@3x.png in Resources */,
				751DF8211CA17F81003C62F2 /* HBSettingsCell.xib in Resources */,
				75A86C8E1C9C7AA80034140C /* news@3x.png in Resources */,
				75A86C991C9C7C0C0034140C /* recruit-selected@3x.png in Resources */,
				755BBC611C9E0A1B001A8314 /* Icon-Spotlight-40@2x.png in Resources */,
				7571DD3D1C9CFF6500E67080 /* HBRosterCell.xib in Resources */,
				75A86C981C9C7C0C0034140C /* news-selected@3x.png in Resources */,
				755BBC821C9F734E001A8314 /* TeamViewController.xib in Resources */,
				7571DD241C9CC62E00E67080 /* stats@3x.png in Resources */,
				75A86C9B1C9C7C0C0034140C /* schedule-selected@3x.png in Resources */,
				75E10F2B1CA0E0330000DA78 /* LeagueYearViewController.xib in Resources */,
				75A86C9E1C9C7C9E0034140C /* roster-selected@3x.png in Resources */,
				755BBC6D1C9E423B001A8314 /* NewsViewController.xib in Resources */,
				75A86C921C9C7AA80034140C /* team@3x.png in Resources */,
				755BBC871C9F7DA4001A8314 /* HBScoreCell.xib in Resources */,
				7571DD1D1C9CB1E500E67080 /* IntroViewController.xib in Resources */,
				7571DD261C9CC64200E67080 /* settings@3x.png in Resources */,
				7571DD351C9CF8E300E67080 /* MyTeamViewController.xib in Resources */,
				7571DD331C9CD3A200E67080 /* play-week@3x.png in Resources */,
				755BBC5E1C9E0A1B001A8314 /* Icon-Small@2x.png in Resources */,
				754E90831CA5A59D00C450CF /* TeamScheduleViewController.xib in Resources */,
				755BBC7D1C9F6964001A8314 /* TeamSearchViewController.xib in Resources */,
				75A86C9C1C9C7C0C0034140C /* team-selected@3x.png in Resources */,
			);
			runOnlyForDeploymentPostprocessing = 0;
		};
/* End PBXResourcesBuildPhase section */

/* Begin PBXShellScriptBuildPhase section */
		3C62C6932E1DFA7793EB4A43 /* Check Pods Manifest.lock */ = {
			isa = PBXShellScriptBuildPhase;
			buildActionMask = 2147483647;
			files = (
			);
			inputPaths = (
			);
			name = "Check Pods Manifest.lock";
			outputPaths = (
			);
			runOnlyForDeploymentPostprocessing = 0;
			shellPath = /bin/sh;
			shellScript = "diff \"${PODS_ROOT}/../Podfile.lock\" \"${PODS_ROOT}/Manifest.lock\" > /dev/null\nif [[ $? != 0 ]] ; then\n    cat << EOM\nerror: The sandbox is not in sync with the Podfile.lock. Run 'pod install' or update your CocoaPods installation.\nEOM\n    exit 1\nfi\n";
			showEnvVarsInLog = 0;
		};
		420717E5DD0E35E3620D859B /* Embed Pods Frameworks */ = {
			isa = PBXShellScriptBuildPhase;
			buildActionMask = 2147483647;
			files = (
			);
			inputPaths = (
			);
			name = "Embed Pods Frameworks";
			outputPaths = (
			);
			runOnlyForDeploymentPostprocessing = 0;
			shellPath = /bin/sh;
			shellScript = "\"${SRCROOT}/Pods/Target Support Files/Pods-harbaughsim16/Pods-harbaughsim16-frameworks.sh\"\n";
			showEnvVarsInLog = 0;
		};
		91BB9B24087F393AA71E4295 /* Copy Pods Resources */ = {
			isa = PBXShellScriptBuildPhase;
			buildActionMask = 2147483647;
			files = (
			);
			inputPaths = (
			);
			name = "Copy Pods Resources";
			outputPaths = (
			);
			runOnlyForDeploymentPostprocessing = 0;
			shellPath = /bin/sh;
			shellScript = "\"${SRCROOT}/Pods/Target Support Files/Pods-harbaughsim16/Pods-harbaughsim16-resources.sh\"\n";
			showEnvVarsInLog = 0;
		};
/* End PBXShellScriptBuildPhase section */

/* Begin PBXSourcesBuildPhase section */
		75924A171C99CCC000B165AD /* Sources */ = {
			isa = PBXSourcesBuildPhase;
			buildActionMask = 2147483647;
			files = (
				755BBC811C9F734E001A8314 /* TeamViewController.m in Sources */,
				75924A4C1C99D03300B165AD /* Player.m in Sources */,
				755BBC481C9DD0DF001A8314 /* HBStatsCell.m in Sources */,
				755BBC781C9E5930001A8314 /* RecruitingViewController.m in Sources */,
				75C321C11CAD748F00906A38 /* AllLeagueTeamViewController.m in Sources */,
				75924A581C99E62F00B165AD /* PlayerQB.m in Sources */,
				75E10F211CA0E0170000DA78 /* LeagueHistoryController.m in Sources */,
				751DF8271CA1F273003C62F2 /* TeamRosterViewController.m in Sources */,
				755BBC7B1C9F5F1A001A8314 /* TeamSearchViewController.m in Sources */,
				75E10F2A1CA0E0330000DA78 /* LeagueYearViewController.m in Sources */,
				75C321C71CAD7C5500906A38 /* AllConferenceTeamConferenceSelectorViewController.m in Sources */,
				7510B8471C9C76BE00BE9CD6 /* TeamSelectionViewController.m in Sources */,
				75880F8C1CAC949300AF2C1C /* LeagueRecordsViewController.m in Sources */,
				7571DD411C9D032F00E67080 /* PlayerDetailViewController.m in Sources */,
				751DF8201CA17F81003C62F2 /* HBSettingsCell.m in Sources */,
				75E10F1D1CA0D9CA0000DA78 /* TeamHistoryViewController.m in Sources */,
				75924A6D1C99E66E00B165AD /* PlayerF7.m in Sources */,
				75924A231C99CCC000B165AD /* AppDelegate.m in Sources */,
				755BBC861C9F7DA4001A8314 /* HBScoreCell.m in Sources */,
				75924A5E1C99E64400B165AD /* PlayerWR.m in Sources */,
				75A86C881C9C790D0034140C /* FCTableViewController.m in Sources */,
				75924A611C99E64D00B165AD /* PlayerK.m in Sources */,
				75BABF3C1C9A5D1100A68CD6 /* ScheduleViewController.m in Sources */,
				75880F8F1CAC949F00AF2C1C /* TeamRecordsViewController.m in Sources */,
				755BBC4D1C9DEDF0001A8314 /* HBPlayerCell.m in Sources */,
				75C321C41CAD7BBB00906A38 /* AllConferenceTeamViewController.m in Sources */,
				75924A4F1C99D05E00B165AD /* Conference.m in Sources */,
				751DF8241CA1D66D003C62F2 /* TeamStrategyViewController.m in Sources */,
				75924A491C99CF7C00B165AD /* Game.m in Sources */,
				7571DD1B1C9CB1DC00E67080 /* IntroViewController.m in Sources */,
				75924A261C99CCC000B165AD /* NewsViewController.m in Sources */,
				7571DD381C9CFD4000E67080 /* RosterViewController.m in Sources */,
				75E10F251CA0E0270000DA78 /* HeismanHistoryViewController.m in Sources */,
				754E907E1CA59A0900C450CF /* RankingsViewController.m in Sources */,
				75924A551C99D24500B165AD /* League.m in Sources */,
				75924A6A1C99E66700B165AD /* PlayerCB.m in Sources */,
				75924A3D1C99CD8D00B165AD /* Team.m in Sources */,
				75924A201C99CCC000B165AD /* main.m in Sources */,
				75BABF451C9A5D5300A68CD6 /* MyTeamViewController.m in Sources */,
				75924A641C99E65600B165AD /* PlayerOL.m in Sources */,
				75924A5B1C99E63800B165AD /* PlayerRB.m in Sources */,
				75924A671C99E65E00B165AD /* PlayerS.m in Sources */,
				755BBC8B1CA03252001A8314 /* HBRecruitCell.m in Sources */,
				7571DD2C1C9CCD8100E67080 /* HBScheduleCell.m in Sources */,
				754E907B1CA58C0F00C450CF /* HeismanLeadersViewController.m in Sources */,
				7571DD201C9CBDA900E67080 /* HBSharedUtils.m in Sources */,
				754E90821CA5A59D00C450CF /* TeamScheduleViewController.m in Sources */,
				7510B8501C9C76E600BE9CD6 /* SettingsViewController.m in Sources */,
				7510B84A1C9C76C900BE9CD6 /* GameDetailViewController.m in Sources */,
				75924A521C99D1C600B165AD /* TeamStrategy.m in Sources */,
				7571DD3C1C9CFF6500E67080 /* HBRosterCell.m in Sources */,
				754E90781CA58BF800C450CF /* BowlProjectionViewController.m in Sources */,
			);
			runOnlyForDeploymentPostprocessing = 0;
		};
/* End PBXSourcesBuildPhase section */

/* Begin PBXVariantGroup section */
		75924A2F1C99CCC000B165AD /* LaunchScreen.storyboard */ = {
			isa = PBXVariantGroup;
			children = (
				75924A301C99CCC000B165AD /* Base */,
			);
			name = LaunchScreen.storyboard;
			sourceTree = "<group>";
		};
/* End PBXVariantGroup section */

/* Begin XCBuildConfiguration section */
		75924A331C99CCC000B165AD /* Debug */ = {
			isa = XCBuildConfiguration;
			buildSettings = {
				ALWAYS_SEARCH_USER_PATHS = NO;
				CLANG_CXX_LANGUAGE_STANDARD = "gnu++0x";
				CLANG_CXX_LIBRARY = "libc++";
				CLANG_ENABLE_MODULES = YES;
				CLANG_ENABLE_OBJC_ARC = YES;
				CLANG_WARN_BOOL_CONVERSION = YES;
				CLANG_WARN_CONSTANT_CONVERSION = YES;
				CLANG_WARN_DIRECT_OBJC_ISA_USAGE = YES_ERROR;
				CLANG_WARN_EMPTY_BODY = YES;
				CLANG_WARN_ENUM_CONVERSION = YES;
				CLANG_WARN_INT_CONVERSION = YES;
				CLANG_WARN_OBJC_ROOT_CLASS = YES_ERROR;
				CLANG_WARN_UNREACHABLE_CODE = YES;
				CLANG_WARN__DUPLICATE_METHOD_MATCH = YES;
				"CODE_SIGN_IDENTITY[sdk=iphoneos*]" = "iPhone Developer";
				COPY_PHASE_STRIP = NO;
				DEBUG_INFORMATION_FORMAT = dwarf;
				ENABLE_STRICT_OBJC_MSGSEND = YES;
				ENABLE_TESTABILITY = YES;
				GCC_C_LANGUAGE_STANDARD = gnu99;
				GCC_DYNAMIC_NO_PIC = NO;
				GCC_NO_COMMON_BLOCKS = YES;
				GCC_OPTIMIZATION_LEVEL = 0;
				GCC_PREPROCESSOR_DEFINITIONS = (
					"DEBUG=1",
					"$(inherited)",
				);
				GCC_WARN_64_TO_32_BIT_CONVERSION = YES;
				GCC_WARN_ABOUT_RETURN_TYPE = YES_ERROR;
				GCC_WARN_UNDECLARED_SELECTOR = YES;
				GCC_WARN_UNINITIALIZED_AUTOS = YES_AGGRESSIVE;
				GCC_WARN_UNUSED_FUNCTION = YES;
				GCC_WARN_UNUSED_VARIABLE = YES;
				IPHONEOS_DEPLOYMENT_TARGET = 9.2;
				MTL_ENABLE_DEBUG_INFO = YES;
				ONLY_ACTIVE_ARCH = YES;
				SDKROOT = iphoneos;
			};
			name = Debug;
		};
		75924A341C99CCC000B165AD /* Release */ = {
			isa = XCBuildConfiguration;
			buildSettings = {
				ALWAYS_SEARCH_USER_PATHS = NO;
				CLANG_CXX_LANGUAGE_STANDARD = "gnu++0x";
				CLANG_CXX_LIBRARY = "libc++";
				CLANG_ENABLE_MODULES = YES;
				CLANG_ENABLE_OBJC_ARC = YES;
				CLANG_WARN_BOOL_CONVERSION = YES;
				CLANG_WARN_CONSTANT_CONVERSION = YES;
				CLANG_WARN_DIRECT_OBJC_ISA_USAGE = YES_ERROR;
				CLANG_WARN_EMPTY_BODY = YES;
				CLANG_WARN_ENUM_CONVERSION = YES;
				CLANG_WARN_INT_CONVERSION = YES;
				CLANG_WARN_OBJC_ROOT_CLASS = YES_ERROR;
				CLANG_WARN_UNREACHABLE_CODE = YES;
				CLANG_WARN__DUPLICATE_METHOD_MATCH = YES;
				"CODE_SIGN_IDENTITY[sdk=iphoneos*]" = "iPhone Developer";
				COPY_PHASE_STRIP = NO;
				DEBUG_INFORMATION_FORMAT = "dwarf-with-dsym";
				ENABLE_NS_ASSERTIONS = NO;
				ENABLE_STRICT_OBJC_MSGSEND = YES;
				GCC_C_LANGUAGE_STANDARD = gnu99;
				GCC_NO_COMMON_BLOCKS = YES;
				GCC_WARN_64_TO_32_BIT_CONVERSION = YES;
				GCC_WARN_ABOUT_RETURN_TYPE = YES_ERROR;
				GCC_WARN_UNDECLARED_SELECTOR = YES;
				GCC_WARN_UNINITIALIZED_AUTOS = YES_AGGRESSIVE;
				GCC_WARN_UNUSED_FUNCTION = YES;
				GCC_WARN_UNUSED_VARIABLE = YES;
				IPHONEOS_DEPLOYMENT_TARGET = 9.2;
				MTL_ENABLE_DEBUG_INFO = NO;
				SDKROOT = iphoneos;
				VALIDATE_PRODUCT = YES;
			};
			name = Release;
		};
		75924A361C99CCC000B165AD /* Debug */ = {
			isa = XCBuildConfiguration;
			baseConfigurationReference = FAC021E4350CD61827E4ADB7 /* Pods-harbaughsim16.debug.xcconfig */;
			buildSettings = {
				ASSETCATALOG_COMPILER_APPICON_NAME = AppIcon;
				CLANG_ENABLE_MODULES = YES;
				INFOPLIST_FILE = harbaughsim16/Info.plist;
				IPHONEOS_DEPLOYMENT_TARGET = 9.0;
				LD_RUNPATH_SEARCH_PATHS = "$(inherited) @executable_path/Frameworks";
				PRODUCT_BUNDLE_IDENTIFIER = me.akeaswaran.harbaughsim16;
				PRODUCT_NAME = "$(TARGET_NAME)";
				SWIFT_OBJC_BRIDGING_HEADER = "harbaughsim16/harbaughsim16-Bridging-Header.h";
				SWIFT_OPTIMIZATION_LEVEL = "-Onone";
			};
			name = Debug;
		};
		75924A371C99CCC000B165AD /* Release */ = {
			isa = XCBuildConfiguration;
			baseConfigurationReference = 44F9430C6D467B894D8E6C88 /* Pods-harbaughsim16.release.xcconfig */;
			buildSettings = {
				ASSETCATALOG_COMPILER_APPICON_NAME = AppIcon;
				CLANG_ENABLE_MODULES = YES;
				INFOPLIST_FILE = harbaughsim16/Info.plist;
				IPHONEOS_DEPLOYMENT_TARGET = 9.0;
				LD_RUNPATH_SEARCH_PATHS = "$(inherited) @executable_path/Frameworks";
				PRODUCT_BUNDLE_IDENTIFIER = me.akeaswaran.harbaughsim16;
				PRODUCT_NAME = "$(TARGET_NAME)";
				SWIFT_OBJC_BRIDGING_HEADER = "harbaughsim16/harbaughsim16-Bridging-Header.h";
			};
			name = Release;
		};
/* End XCBuildConfiguration section */

/* Begin XCConfigurationList section */
		75924A161C99CCC000B165AD /* Build configuration list for PBXProject "harbaughsim16" */ = {
			isa = XCConfigurationList;
			buildConfigurations = (
				75924A331C99CCC000B165AD /* Debug */,
				75924A341C99CCC000B165AD /* Release */,
			);
			defaultConfigurationIsVisible = 0;
			defaultConfigurationName = Release;
		};
		75924A351C99CCC000B165AD /* Build configuration list for PBXNativeTarget "harbaughsim16" */ = {
			isa = XCConfigurationList;
			buildConfigurations = (
				75924A361C99CCC000B165AD /* Debug */,
				75924A371C99CCC000B165AD /* Release */,
			);
			defaultConfigurationIsVisible = 0;
			defaultConfigurationName = Release;
		};
/* End XCConfigurationList section */
	};
	rootObject = 75924A131C99CCC000B165AD /* Project object */;
}
